// !$*UTF8*$!
{
	archiveVersion = 1;
	classes = {
	};
	objectVersion = 46;
	objects = {

/* Begin PBXBuildFile section */
		180D589D19E622680045A720 /* main.m in Sources */ = {isa = PBXBuildFile; fileRef = 180D589C19E622680045A720 /* main.m */; };
		180D58A019E622680045A720 /* AppDelegate.m in Sources */ = {isa = PBXBuildFile; fileRef = 180D589F19E622680045A720 /* AppDelegate.m */; };
		180D58A319E622680045A720 /* ViewController.m in Sources */ = {isa = PBXBuildFile; fileRef = 180D58A219E622680045A720 /* ViewController.m */; };
		180D58A619E622680045A720 /* Main.storyboard in Resources */ = {isa = PBXBuildFile; fileRef = 180D58A419E622680045A720 /* Main.storyboard */; };
		180D58A819E622680045A720 /* Images.xcassets in Resources */ = {isa = PBXBuildFile; fileRef = 180D58A719E622680045A720 /* Images.xcassets */; };
		180D58AB19E622680045A720 /* LaunchScreen.xib in Resources */ = {isa = PBXBuildFile; fileRef = 180D58A919E622680045A720 /* LaunchScreen.xib */; };
		180D58B719E622680045A720 /* WebConnectPrjTests.m in Sources */ = {isa = PBXBuildFile; fileRef = 180D58B619E622680045A720 /* WebConnectPrjTests.m */; };
		180D58C219E622910045A720 /* readme.txt in Resources */ = {isa = PBXBuildFile; fileRef = 180D58C019E622910045A720 /* readme.txt */; };
		180D58D719E62F040045A720 /* OLBasicRequest.m in Sources */ = {isa = PBXBuildFile; fileRef = 180D58D619E62F040045A720 /* OLBasicRequest.m */; };
		180D58FF19E65EF30045A720 /* AFHTTPRequestOperation.m in Sources */ = {isa = PBXBuildFile; fileRef = 180D58DB19E65EF30045A720 /* AFHTTPRequestOperation.m */; };
		180D590019E65EF30045A720 /* AFHTTPRequestOperationManager.m in Sources */ = {isa = PBXBuildFile; fileRef = 180D58DD19E65EF30045A720 /* AFHTTPRequestOperationManager.m */; };
		180D590119E65EF30045A720 /* AFHTTPSessionManager.m in Sources */ = {isa = PBXBuildFile; fileRef = 180D58DF19E65EF30045A720 /* AFHTTPSessionManager.m */; };
		180D590219E65EF30045A720 /* AFNetworkReachabilityManager.m in Sources */ = {isa = PBXBuildFile; fileRef = 180D58E219E65EF30045A720 /* AFNetworkReachabilityManager.m */; };
		180D590319E65EF30045A720 /* AFSecurityPolicy.m in Sources */ = {isa = PBXBuildFile; fileRef = 180D58E419E65EF30045A720 /* AFSecurityPolicy.m */; };
		180D590419E65EF30045A720 /* AFURLConnectionOperation.m in Sources */ = {isa = PBXBuildFile; fileRef = 180D58E619E65EF30045A720 /* AFURLConnectionOperation.m */; };
		180D590519E65EF30045A720 /* AFURLRequestSerialization.m in Sources */ = {isa = PBXBuildFile; fileRef = 180D58E819E65EF30045A720 /* AFURLRequestSerialization.m */; };
		180D590619E65EF30045A720 /* AFURLResponseSerialization.m in Sources */ = {isa = PBXBuildFile; fileRef = 180D58EA19E65EF30045A720 /* AFURLResponseSerialization.m */; };
		180D590719E65EF30045A720 /* AFURLSessionManager.m in Sources */ = {isa = PBXBuildFile; fileRef = 180D58EC19E65EF30045A720 /* AFURLSessionManager.m */; };
		180D590819E65EF30045A720 /* AFNetworkActivityIndicatorManager.m in Sources */ = {isa = PBXBuildFile; fileRef = 180D58EF19E65EF30045A720 /* AFNetworkActivityIndicatorManager.m */; };
		180D590919E65EF30045A720 /* UIActivityIndicatorView+AFNetworking.m in Sources */ = {isa = PBXBuildFile; fileRef = 180D58F119E65EF30045A720 /* UIActivityIndicatorView+AFNetworking.m */; };
		180D590A19E65EF30045A720 /* UIAlertView+AFNetworking.m in Sources */ = {isa = PBXBuildFile; fileRef = 180D58F319E65EF30045A720 /* UIAlertView+AFNetworking.m */; };
		180D590B19E65EF30045A720 /* UIButton+AFNetworking.m in Sources */ = {isa = PBXBuildFile; fileRef = 180D58F519E65EF30045A720 /* UIButton+AFNetworking.m */; };
		180D590C19E65EF30045A720 /* UIImageView+AFNetworking.m in Sources */ = {isa = PBXBuildFile; fileRef = 180D58F719E65EF30045A720 /* UIImageView+AFNetworking.m */; };
		180D590D19E65EF30045A720 /* UIProgressView+AFNetworking.m in Sources */ = {isa = PBXBuildFile; fileRef = 180D58FA19E65EF30045A720 /* UIProgressView+AFNetworking.m */; };
		180D590E19E65EF30045A720 /* UIRefreshControl+AFNetworking.m in Sources */ = {isa = PBXBuildFile; fileRef = 180D58FC19E65EF30045A720 /* UIRefreshControl+AFNetworking.m */; };
		180D590F19E65EF30045A720 /* UIWebView+AFNetworking.m in Sources */ = {isa = PBXBuildFile; fileRef = 180D58FE19E65EF30045A720 /* UIWebView+AFNetworking.m */; };
		180F7F321A1DB43C0039E222 /* NTBasicRequest.m in Sources */ = {isa = PBXBuildFile; fileRef = 180F7F211A1DB43C0039E222 /* NTBasicRequest.m */; };
		180F7F331A1DB43C0039E222 /* NTConnectClient.m in Sources */ = {isa = PBXBuildFile; fileRef = 180F7F231A1DB43C0039E222 /* NTConnectClient.m */; };
		180F7F341A1DB43C0039E222 /* NTConnectSepcialClient.m in Sources */ = {isa = PBXBuildFile; fileRef = 180F7F251A1DB43C0039E222 /* NTConnectSepcialClient.m */; };
		180F7F3D1A1DB4C50039E222 /* JSONKit.m in Sources */ = {isa = PBXBuildFile; fileRef = 180F7F3C1A1DB4C50039E222 /* JSONKit.m */; settings = {COMPILER_FLAGS = "-fno-objc-arc"; }; };
		180F7F411A1DC1350039E222 /* JSOperation.m in Sources */ = {isa = PBXBuildFile; fileRef = 180F7F401A1DC1350039E222 /* JSOperation.m */; };
		180F7F451A1DCACC0039E222 /* blogDetail.js in Resources */ = {isa = PBXBuildFile; fileRef = 180F7F431A1DCACC0039E222 /* blogDetail.js */; };
		180F7F461A1DCACC0039E222 /* jquery.js in Resources */ = {isa = PBXBuildFile; fileRef = 180F7F441A1DCACC0039E222 /* jquery.js */; };
		180F7F491A1DD1130039E222 /* JSWebView.m in Sources */ = {isa = PBXBuildFile; fileRef = 180F7F481A1DD1130039E222 /* JSWebView.m */; };
		18130E0919E8FDA000526957 /* OLNameListTableView.m in Sources */ = {isa = PBXBuildFile; fileRef = 18130E0819E8FDA000526957 /* OLNameListTableView.m */; };
		18211D061A7882EB00625535 /* OLBasicListTableView.m in Sources */ = {isa = PBXBuildFile; fileRef = 18211CF81A7882EB00625535 /* OLBasicListTableView.m */; };
		18211D7E1A7B72EF00625535 /* OLEGORefreshView.m in Sources */ = {isa = PBXBuildFile; fileRef = 18211D521A7B72EF00625535 /* OLEGORefreshView.m */; };
		18211D7F1A7B72EF00625535 /* OLEGOFooterAutoLoadControl.m in Sources */ = {isa = PBXBuildFile; fileRef = 18211D551A7B72EF00625535 /* OLEGOFooterAutoLoadControl.m */; };
		18211D801A7B72EF00625535 /* OLEGOFooterNormalControl.m in Sources */ = {isa = PBXBuildFile; fileRef = 18211D571A7B72EF00625535 /* OLEGOFooterNormalControl.m */; };
		18211D821A7B72EF00625535 /* OLEGONormalFooterView.m in Sources */ = {isa = PBXBuildFile; fileRef = 18211D5C1A7B72EF00625535 /* OLEGONormalFooterView.m */; };
		18211D831A7B72EF00625535 /* OLEGOPullTextFooterView.m in Sources */ = {isa = PBXBuildFile; fileRef = 18211D5E1A7B72EF00625535 /* OLEGOPullTextFooterView.m */; };
		18211D851A7B72EF00625535 /* OLEGOHeaderNormalControl.m in Sources */ = {isa = PBXBuildFile; fileRef = 18211D631A7B72EF00625535 /* OLEGOHeaderNormalControl.m */; };
		18211D861A7B72EF00625535 /* OLEGONormalHeaderView.m in Sources */ = {isa = PBXBuildFile; fileRef = 18211D651A7B72EF00625535 /* OLEGONormalHeaderView.m */; };
		18211D871A7B72EF00625535 /* OLEGOCustomFooterView.m in Sources */ = {isa = PBXBuildFile; fileRef = 18211D671A7B72EF00625535 /* OLEGOCustomFooterView.m */; };
		18211D881A7B72EF00625535 /* OLEGOCustomHeaderView.m in Sources */ = {isa = PBXBuildFile; fileRef = 18211D691A7B72EF00625535 /* OLEGOCustomHeaderView.m */; };
		18211D891A7B72EF00625535 /* blackArrow.png in Resources */ = {isa = PBXBuildFile; fileRef = 18211D6C1A7B72EF00625535 /* blackArrow.png */; };
		18211D8A1A7B72EF00625535 /* blackArrow@2x.png in Resources */ = {isa = PBXBuildFile; fileRef = 18211D6D1A7B72EF00625535 /* blackArrow@2x.png */; };
		18211D8B1A7B72EF00625535 /* blueArrow.png in Resources */ = {isa = PBXBuildFile; fileRef = 18211D6E1A7B72EF00625535 /* blueArrow.png */; };
		18211D8C1A7B72EF00625535 /* blueArrow@2x.png in Resources */ = {isa = PBXBuildFile; fileRef = 18211D6F1A7B72EF00625535 /* blueArrow@2x.png */; };
		18211D8D1A7B72EF00625535 /* grayArrow.png in Resources */ = {isa = PBXBuildFile; fileRef = 18211D701A7B72EF00625535 /* grayArrow.png */; };
		18211D8E1A7B72EF00625535 /* grayArrow@2x.png in Resources */ = {isa = PBXBuildFile; fileRef = 18211D711A7B72EF00625535 /* grayArrow@2x.png */; };
		18211D8F1A7B72EF00625535 /* whiteArrow.png in Resources */ = {isa = PBXBuildFile; fileRef = 18211D721A7B72EF00625535 /* whiteArrow.png */; };
		18211D901A7B72EF00625535 /* whiteArrow@2x.png in Resources */ = {isa = PBXBuildFile; fileRef = 18211D731A7B72EF00625535 /* whiteArrow@2x.png */; };
		18211D911A7B72EF00625535 /* 下拉（松开刷新）@2x.png in Resources */ = {isa = PBXBuildFile; fileRef = 18211D741A7B72EF00625535 /* 下拉（松开刷新）@2x.png */; };
		18211D921A7B72EF00625535 /* 刷新1@2x.png in Resources */ = {isa = PBXBuildFile; fileRef = 18211D751A7B72EF00625535 /* 刷新1@2x.png */; };
		18211D931A7B72EF00625535 /* 刷新2@2x.png in Resources */ = {isa = PBXBuildFile; fileRef = 18211D761A7B72EF00625535 /* 刷新2@2x.png */; };
		18211D941A7B72EF00625535 /* 刷新3@2x.png in Resources */ = {isa = PBXBuildFile; fileRef = 18211D771A7B72EF00625535 /* 刷新3@2x.png */; };
		18211D951A7B72EF00625535 /* 刷新4@2x.png in Resources */ = {isa = PBXBuildFile; fileRef = 18211D781A7B72EF00625535 /* 刷新4@2x.png */; };
		18211D961A7B72EF00625535 /* OLEGOCustomListTableView.m in Sources */ = {isa = PBXBuildFile; fileRef = 18211D7B1A7B72EF00625535 /* OLEGOCustomListTableView.m */; };
		18211D971A7B72EF00625535 /* OLEGOPageListTableView.m in Sources */ = {isa = PBXBuildFile; fileRef = 18211D7D1A7B72EF00625535 /* OLEGOPageListTableView.m */; };
		18211D9A1A7B860300625535 /* OLEGOTapTextFooterView.m in Sources */ = {isa = PBXBuildFile; fileRef = 18211D991A7B860300625535 /* OLEGOTapTextFooterView.m */; };
		18233F3619E699DC00F9373C /* OLConfigRequest.m in Sources */ = {isa = PBXBuildFile; fileRef = 18233F3519E699DC00F9373C /* OLConfigRequest.m */; };
		18233F3919E69A6B00F9373C /* OLProtocolRequest.m in Sources */ = {isa = PBXBuildFile; fileRef = 18233F3819E69A6B00F9373C /* OLProtocolRequest.m */; };
		183166211A08B9AF0061CADA /* OLBasicViewController.m in Sources */ = {isa = PBXBuildFile; fileRef = 183166201A08B9AF0061CADA /* OLBasicViewController.m */; };
		183166241A08B9E10061CADA /* OLMainTopicListViewController.m in Sources */ = {isa = PBXBuildFile; fileRef = 183166231A08B9E10061CADA /* OLMainTopicListViewController.m */; };
		183166271A08BA100061CADA /* OLMainTopicListTableView.m in Sources */ = {isa = PBXBuildFile; fileRef = 183166261A08BA100061CADA /* OLMainTopicListTableView.m */; };
		1831662A1A08BA7A0061CADA /* OLMainTopicListCell.m in Sources */ = {isa = PBXBuildFile; fileRef = 183166291A08BA7A0061CADA /* OLMainTopicListCell.m */; };
		1831662E1A08C8D60061CADA /* OLTopicListDataModel.m in Sources */ = {isa = PBXBuildFile; fileRef = 1831662D1A08C8D60061CADA /* OLTopicListDataModel.m */; };
		183166311A08C8F90061CADA /* OLTopicListRequest.m in Sources */ = {isa = PBXBuildFile; fileRef = 183166301A08C8F90061CADA /* OLTopicListRequest.m */; };
		183445D719EE63F300F914AD /* OLConfigDataModel.m in Sources */ = {isa = PBXBuildFile; fileRef = 183445D619EE63F300F914AD /* OLConfigDataModel.m */; };
		183445DA19EE645B00F914AD /* OLBasicDataModel.m in Sources */ = {isa = PBXBuildFile; fileRef = 183445D919EE645B00F914AD /* OLBasicDataModel.m */; };
		184510211A8B57AC00A8CDEB /* OLEGOFooterAndHeaderNoneControl.m in Sources */ = {isa = PBXBuildFile; fileRef = 184510201A8B57AC00A8CDEB /* OLEGOFooterAndHeaderNoneControl.m */; };
		184510241A8C3DDC00A8CDEB /* OLEGOLoadTypeListTableView.m in Sources */ = {isa = PBXBuildFile; fileRef = 184510231A8C3DDC00A8CDEB /* OLEGOLoadTypeListTableView.m */; };
		184510271A8C95D800A8CDEB /* OLEGOLatestHeaderView.m in Sources */ = {isa = PBXBuildFile; fileRef = 184510261A8C95D800A8CDEB /* OLEGOLatestHeaderView.m */; };
		1845102B1A8D90EE00A8CDEB /* SFHFKeychainUtils.m in Sources */ = {isa = PBXBuildFile; fileRef = 1845102A1A8D90EE00A8CDEB /* SFHFKeychainUtils.m */; settings = {COMPILER_FLAGS = "-fno-objc-arc"; }; };
		187767C31A416805003F31B6 /* SWTableViewCell.m in Sources */ = {isa = PBXBuildFile; fileRef = 187767C21A416805003F31B6 /* SWTableViewCell.m */; };
		18809DEB1A0B5B0200B66A59 /* MKAnnotationView+WebCache.m in Sources */ = {isa = PBXBuildFile; fileRef = 18809DCB1A0B5B0200B66A59 /* MKAnnotationView+WebCache.m */; };
		18809DEC1A0B5B0200B66A59 /* NSData+ImageContentType.m in Sources */ = {isa = PBXBuildFile; fileRef = 18809DCD1A0B5B0200B66A59 /* NSData+ImageContentType.m */; };
		18809DED1A0B5B0200B66A59 /* SDImageCache.m in Sources */ = {isa = PBXBuildFile; fileRef = 18809DCF1A0B5B0200B66A59 /* SDImageCache.m */; };
		18809DEE1A0B5B0200B66A59 /* SDWebImageCompat.m in Sources */ = {isa = PBXBuildFile; fileRef = 18809DD11A0B5B0200B66A59 /* SDWebImageCompat.m */; };
		18809DEF1A0B5B0200B66A59 /* SDWebImageDecoder.m in Sources */ = {isa = PBXBuildFile; fileRef = 18809DD31A0B5B0200B66A59 /* SDWebImageDecoder.m */; };
		18809DF01A0B5B0200B66A59 /* SDWebImageDownloader.m in Sources */ = {isa = PBXBuildFile; fileRef = 18809DD51A0B5B0200B66A59 /* SDWebImageDownloader.m */; };
		18809DF11A0B5B0200B66A59 /* SDWebImageDownloaderOperation.m in Sources */ = {isa = PBXBuildFile; fileRef = 18809DD71A0B5B0200B66A59 /* SDWebImageDownloaderOperation.m */; };
		18809DF21A0B5B0200B66A59 /* SDWebImageManager.m in Sources */ = {isa = PBXBuildFile; fileRef = 18809DD91A0B5B0200B66A59 /* SDWebImageManager.m */; };
		18809DF31A0B5B0200B66A59 /* SDWebImagePrefetcher.m in Sources */ = {isa = PBXBuildFile; fileRef = 18809DDC1A0B5B0200B66A59 /* SDWebImagePrefetcher.m */; };
		18809DF41A0B5B0200B66A59 /* UIButton+WebCache.m in Sources */ = {isa = PBXBuildFile; fileRef = 18809DDE1A0B5B0200B66A59 /* UIButton+WebCache.m */; };
		18809DF51A0B5B0200B66A59 /* UIImage+GIF.m in Sources */ = {isa = PBXBuildFile; fileRef = 18809DE01A0B5B0200B66A59 /* UIImage+GIF.m */; };
		18809DF61A0B5B0200B66A59 /* UIImage+MultiFormat.m in Sources */ = {isa = PBXBuildFile; fileRef = 18809DE21A0B5B0200B66A59 /* UIImage+MultiFormat.m */; };
		18809DF71A0B5B0200B66A59 /* UIImage+WebP.m in Sources */ = {isa = PBXBuildFile; fileRef = 18809DE41A0B5B0200B66A59 /* UIImage+WebP.m */; };
		18809DF81A0B5B0200B66A59 /* UIImageView+HighlightedWebCache.m in Sources */ = {isa = PBXBuildFile; fileRef = 18809DE61A0B5B0200B66A59 /* UIImageView+HighlightedWebCache.m */; };
		18809DF91A0B5B0200B66A59 /* UIImageView+WebCache.m in Sources */ = {isa = PBXBuildFile; fileRef = 18809DE81A0B5B0200B66A59 /* UIImageView+WebCache.m */; };
		18809DFA1A0B5B0200B66A59 /* UIView+WebCacheOperation.m in Sources */ = {isa = PBXBuildFile; fileRef = 18809DEA1A0B5B0200B66A59 /* UIView+WebCacheOperation.m */; };
/* End PBXBuildFile section */

/* Begin PBXContainerItemProxy section */
		180D58B119E622680045A720 /* PBXContainerItemProxy */ = {
			isa = PBXContainerItemProxy;
			containerPortal = 180D588F19E622680045A720 /* Project object */;
			proxyType = 1;
			remoteGlobalIDString = 180D589619E622680045A720;
			remoteInfo = WebConnectPrj;
		};
/* End PBXContainerItemProxy section */

/* Begin PBXFileReference section */
		180D589719E622680045A720 /* WebConnectPrj.app */ = {isa = PBXFileReference; explicitFileType = wrapper.application; includeInIndex = 0; path = WebConnectPrj.app; sourceTree = BUILT_PRODUCTS_DIR; };
		180D589B19E622680045A720 /* Info.plist */ = {isa = PBXFileReference; lastKnownFileType = text.plist.xml; path = Info.plist; sourceTree = "<group>"; };
		180D589C19E622680045A720 /* main.m */ = {isa = PBXFileReference; lastKnownFileType = sourcecode.c.objc; path = main.m; sourceTree = "<group>"; };
		180D589E19E622680045A720 /* AppDelegate.h */ = {isa = PBXFileReference; lastKnownFileType = sourcecode.c.h; path = AppDelegate.h; sourceTree = "<group>"; };
		180D589F19E622680045A720 /* AppDelegate.m */ = {isa = PBXFileReference; lastKnownFileType = sourcecode.c.objc; path = AppDelegate.m; sourceTree = "<group>"; };
		180D58A119E622680045A720 /* ViewController.h */ = {isa = PBXFileReference; lastKnownFileType = sourcecode.c.h; path = ViewController.h; sourceTree = "<group>"; };
		180D58A219E622680045A720 /* ViewController.m */ = {isa = PBXFileReference; lastKnownFileType = sourcecode.c.objc; path = ViewController.m; sourceTree = "<group>"; };
		180D58A519E622680045A720 /* Base */ = {isa = PBXFileReference; lastKnownFileType = file.storyboard; name = Base; path = Base.lproj/Main.storyboard; sourceTree = "<group>"; };
		180D58A719E622680045A720 /* Images.xcassets */ = {isa = PBXFileReference; lastKnownFileType = folder.assetcatalog; path = Images.xcassets; sourceTree = "<group>"; };
		180D58AA19E622680045A720 /* Base */ = {isa = PBXFileReference; lastKnownFileType = file.xib; name = Base; path = Base.lproj/LaunchScreen.xib; sourceTree = "<group>"; };
		180D58B019E622680045A720 /* WebConnectPrjTests.xctest */ = {isa = PBXFileReference; explicitFileType = wrapper.cfbundle; includeInIndex = 0; path = WebConnectPrjTests.xctest; sourceTree = BUILT_PRODUCTS_DIR; };
		180D58B519E622680045A720 /* Info.plist */ = {isa = PBXFileReference; lastKnownFileType = text.plist.xml; path = Info.plist; sourceTree = "<group>"; };
		180D58B619E622680045A720 /* WebConnectPrjTests.m */ = {isa = PBXFileReference; lastKnownFileType = sourcecode.c.objc; path = WebConnectPrjTests.m; sourceTree = "<group>"; };
		180D58C019E622910045A720 /* readme.txt */ = {isa = PBXFileReference; fileEncoding = 4; lastKnownFileType = text; path = readme.txt; sourceTree = "<group>"; };
		180D58C919E6255D0045A720 /* AppConstant.h */ = {isa = PBXFileReference; fileEncoding = 4; lastKnownFileType = sourcecode.c.h; path = AppConstant.h; sourceTree = "<group>"; };
		180D58CA19E6255D0045A720 /* BlockConstant.h */ = {isa = PBXFileReference; fileEncoding = 4; lastKnownFileType = sourcecode.c.h; path = BlockConstant.h; sourceTree = "<group>"; };
		180D58CB19E6255D0045A720 /* MethodConstant.h */ = {isa = PBXFileReference; fileEncoding = 4; lastKnownFileType = sourcecode.c.h; path = MethodConstant.h; sourceTree = "<group>"; };
		180D58CC19E6255D0045A720 /* WebConstant.h */ = {isa = PBXFileReference; fileEncoding = 4; lastKnownFileType = sourcecode.c.h; path = WebConstant.h; sourceTree = "<group>"; };
		180D58D519E62F040045A720 /* OLBasicRequest.h */ = {isa = PBXFileReference; fileEncoding = 4; lastKnownFileType = sourcecode.c.h; path = OLBasicRequest.h; sourceTree = "<group>"; };
		180D58D619E62F040045A720 /* OLBasicRequest.m */ = {isa = PBXFileReference; fileEncoding = 4; lastKnownFileType = sourcecode.c.objc; path = OLBasicRequest.m; sourceTree = "<group>"; };
		180D58DA19E65EF30045A720 /* AFHTTPRequestOperation.h */ = {isa = PBXFileReference; fileEncoding = 4; lastKnownFileType = sourcecode.c.h; path = AFHTTPRequestOperation.h; sourceTree = "<group>"; };
		180D58DB19E65EF30045A720 /* AFHTTPRequestOperation.m */ = {isa = PBXFileReference; fileEncoding = 4; lastKnownFileType = sourcecode.c.objc; path = AFHTTPRequestOperation.m; sourceTree = "<group>"; };
		180D58DC19E65EF30045A720 /* AFHTTPRequestOperationManager.h */ = {isa = PBXFileReference; fileEncoding = 4; lastKnownFileType = sourcecode.c.h; path = AFHTTPRequestOperationManager.h; sourceTree = "<group>"; };
		180D58DD19E65EF30045A720 /* AFHTTPRequestOperationManager.m */ = {isa = PBXFileReference; fileEncoding = 4; lastKnownFileType = sourcecode.c.objc; path = AFHTTPRequestOperationManager.m; sourceTree = "<group>"; };
		180D58DE19E65EF30045A720 /* AFHTTPSessionManager.h */ = {isa = PBXFileReference; fileEncoding = 4; lastKnownFileType = sourcecode.c.h; path = AFHTTPSessionManager.h; sourceTree = "<group>"; };
		180D58DF19E65EF30045A720 /* AFHTTPSessionManager.m */ = {isa = PBXFileReference; fileEncoding = 4; lastKnownFileType = sourcecode.c.objc; path = AFHTTPSessionManager.m; sourceTree = "<group>"; };
		180D58E019E65EF30045A720 /* AFNetworking.h */ = {isa = PBXFileReference; fileEncoding = 4; lastKnownFileType = sourcecode.c.h; path = AFNetworking.h; sourceTree = "<group>"; };
		180D58E119E65EF30045A720 /* AFNetworkReachabilityManager.h */ = {isa = PBXFileReference; fileEncoding = 4; lastKnownFileType = sourcecode.c.h; path = AFNetworkReachabilityManager.h; sourceTree = "<group>"; };
		180D58E219E65EF30045A720 /* AFNetworkReachabilityManager.m */ = {isa = PBXFileReference; fileEncoding = 4; lastKnownFileType = sourcecode.c.objc; path = AFNetworkReachabilityManager.m; sourceTree = "<group>"; };
		180D58E319E65EF30045A720 /* AFSecurityPolicy.h */ = {isa = PBXFileReference; fileEncoding = 4; lastKnownFileType = sourcecode.c.h; path = AFSecurityPolicy.h; sourceTree = "<group>"; };
		180D58E419E65EF30045A720 /* AFSecurityPolicy.m */ = {isa = PBXFileReference; fileEncoding = 4; lastKnownFileType = sourcecode.c.objc; path = AFSecurityPolicy.m; sourceTree = "<group>"; };
		180D58E519E65EF30045A720 /* AFURLConnectionOperation.h */ = {isa = PBXFileReference; fileEncoding = 4; lastKnownFileType = sourcecode.c.h; path = AFURLConnectionOperation.h; sourceTree = "<group>"; };
		180D58E619E65EF30045A720 /* AFURLConnectionOperation.m */ = {isa = PBXFileReference; fileEncoding = 4; lastKnownFileType = sourcecode.c.objc; path = AFURLConnectionOperation.m; sourceTree = "<group>"; };
		180D58E719E65EF30045A720 /* AFURLRequestSerialization.h */ = {isa = PBXFileReference; fileEncoding = 4; lastKnownFileType = sourcecode.c.h; path = AFURLRequestSerialization.h; sourceTree = "<group>"; };
		180D58E819E65EF30045A720 /* AFURLRequestSerialization.m */ = {isa = PBXFileReference; fileEncoding = 4; lastKnownFileType = sourcecode.c.objc; path = AFURLRequestSerialization.m; sourceTree = "<group>"; };
		180D58E919E65EF30045A720 /* AFURLResponseSerialization.h */ = {isa = PBXFileReference; fileEncoding = 4; lastKnownFileType = sourcecode.c.h; path = AFURLResponseSerialization.h; sourceTree = "<group>"; };
		180D58EA19E65EF30045A720 /* AFURLResponseSerialization.m */ = {isa = PBXFileReference; fileEncoding = 4; lastKnownFileType = sourcecode.c.objc; path = AFURLResponseSerialization.m; sourceTree = "<group>"; };
		180D58EB19E65EF30045A720 /* AFURLSessionManager.h */ = {isa = PBXFileReference; fileEncoding = 4; lastKnownFileType = sourcecode.c.h; path = AFURLSessionManager.h; sourceTree = "<group>"; };
		180D58EC19E65EF30045A720 /* AFURLSessionManager.m */ = {isa = PBXFileReference; fileEncoding = 4; lastKnownFileType = sourcecode.c.objc; path = AFURLSessionManager.m; sourceTree = "<group>"; };
		180D58EE19E65EF30045A720 /* AFNetworkActivityIndicatorManager.h */ = {isa = PBXFileReference; fileEncoding = 4; lastKnownFileType = sourcecode.c.h; path = AFNetworkActivityIndicatorManager.h; sourceTree = "<group>"; };
		180D58EF19E65EF30045A720 /* AFNetworkActivityIndicatorManager.m */ = {isa = PBXFileReference; fileEncoding = 4; lastKnownFileType = sourcecode.c.objc; path = AFNetworkActivityIndicatorManager.m; sourceTree = "<group>"; };
		180D58F019E65EF30045A720 /* UIActivityIndicatorView+AFNetworking.h */ = {isa = PBXFileReference; fileEncoding = 4; lastKnownFileType = sourcecode.c.h; path = "UIActivityIndicatorView+AFNetworking.h"; sourceTree = "<group>"; };
		180D58F119E65EF30045A720 /* UIActivityIndicatorView+AFNetworking.m */ = {isa = PBXFileReference; fileEncoding = 4; lastKnownFileType = sourcecode.c.objc; path = "UIActivityIndicatorView+AFNetworking.m"; sourceTree = "<group>"; };
		180D58F219E65EF30045A720 /* UIAlertView+AFNetworking.h */ = {isa = PBXFileReference; fileEncoding = 4; lastKnownFileType = sourcecode.c.h; path = "UIAlertView+AFNetworking.h"; sourceTree = "<group>"; };
		180D58F319E65EF30045A720 /* UIAlertView+AFNetworking.m */ = {isa = PBXFileReference; fileEncoding = 4; lastKnownFileType = sourcecode.c.objc; path = "UIAlertView+AFNetworking.m"; sourceTree = "<group>"; };
		180D58F419E65EF30045A720 /* UIButton+AFNetworking.h */ = {isa = PBXFileReference; fileEncoding = 4; lastKnownFileType = sourcecode.c.h; path = "UIButton+AFNetworking.h"; sourceTree = "<group>"; };
		180D58F519E65EF30045A720 /* UIButton+AFNetworking.m */ = {isa = PBXFileReference; fileEncoding = 4; lastKnownFileType = sourcecode.c.objc; path = "UIButton+AFNetworking.m"; sourceTree = "<group>"; };
		180D58F619E65EF30045A720 /* UIImageView+AFNetworking.h */ = {isa = PBXFileReference; fileEncoding = 4; lastKnownFileType = sourcecode.c.h; path = "UIImageView+AFNetworking.h"; sourceTree = "<group>"; };
		180D58F719E65EF30045A720 /* UIImageView+AFNetworking.m */ = {isa = PBXFileReference; fileEncoding = 4; lastKnownFileType = sourcecode.c.objc; path = "UIImageView+AFNetworking.m"; sourceTree = "<group>"; };
		180D58F819E65EF30045A720 /* UIKit+AFNetworking.h */ = {isa = PBXFileReference; fileEncoding = 4; lastKnownFileType = sourcecode.c.h; path = "UIKit+AFNetworking.h"; sourceTree = "<group>"; };
		180D58F919E65EF30045A720 /* UIProgressView+AFNetworking.h */ = {isa = PBXFileReference; fileEncoding = 4; lastKnownFileType = sourcecode.c.h; path = "UIProgressView+AFNetworking.h"; sourceTree = "<group>"; };
		180D58FA19E65EF30045A720 /* UIProgressView+AFNetworking.m */ = {isa = PBXFileReference; fileEncoding = 4; lastKnownFileType = sourcecode.c.objc; path = "UIProgressView+AFNetworking.m"; sourceTree = "<group>"; };
		180D58FB19E65EF30045A720 /* UIRefreshControl+AFNetworking.h */ = {isa = PBXFileReference; fileEncoding = 4; lastKnownFileType = sourcecode.c.h; path = "UIRefreshControl+AFNetworking.h"; sourceTree = "<group>"; };
		180D58FC19E65EF30045A720 /* UIRefreshControl+AFNetworking.m */ = {isa = PBXFileReference; fileEncoding = 4; lastKnownFileType = sourcecode.c.objc; path = "UIRefreshControl+AFNetworking.m"; sourceTree = "<group>"; };
		180D58FD19E65EF30045A720 /* UIWebView+AFNetworking.h */ = {isa = PBXFileReference; fileEncoding = 4; lastKnownFileType = sourcecode.c.h; path = "UIWebView+AFNetworking.h"; sourceTree = "<group>"; };
		180D58FE19E65EF30045A720 /* UIWebView+AFNetworking.m */ = {isa = PBXFileReference; fileEncoding = 4; lastKnownFileType = sourcecode.c.objc; path = "UIWebView+AFNetworking.m"; sourceTree = "<group>"; };
		180F7F201A1DB43C0039E222 /* NTBasicRequest.h */ = {isa = PBXFileReference; fileEncoding = 4; lastKnownFileType = sourcecode.c.h; path = NTBasicRequest.h; sourceTree = "<group>"; };
		180F7F211A1DB43C0039E222 /* NTBasicRequest.m */ = {isa = PBXFileReference; fileEncoding = 4; lastKnownFileType = sourcecode.c.objc; path = NTBasicRequest.m; sourceTree = "<group>"; };
		180F7F221A1DB43C0039E222 /* NTConnectClient.h */ = {isa = PBXFileReference; fileEncoding = 4; lastKnownFileType = sourcecode.c.h; path = NTConnectClient.h; sourceTree = "<group>"; };
		180F7F231A1DB43C0039E222 /* NTConnectClient.m */ = {isa = PBXFileReference; fileEncoding = 4; lastKnownFileType = sourcecode.c.objc; path = NTConnectClient.m; sourceTree = "<group>"; };
		180F7F241A1DB43C0039E222 /* NTConnectSepcialClient.h */ = {isa = PBXFileReference; fileEncoding = 4; lastKnownFileType = sourcecode.c.h; path = NTConnectSepcialClient.h; sourceTree = "<group>"; };
		180F7F251A1DB43C0039E222 /* NTConnectSepcialClient.m */ = {isa = PBXFileReference; fileEncoding = 4; lastKnownFileType = sourcecode.c.objc; path = NTConnectSepcialClient.m; sourceTree = "<group>"; };
		180F7F3B1A1DB4C50039E222 /* JSONKit.h */ = {isa = PBXFileReference; fileEncoding = 4; lastKnownFileType = sourcecode.c.h; path = JSONKit.h; sourceTree = "<group>"; };
		180F7F3C1A1DB4C50039E222 /* JSONKit.m */ = {isa = PBXFileReference; fileEncoding = 4; lastKnownFileType = sourcecode.c.objc; path = JSONKit.m; sourceTree = "<group>"; };
		180F7F3F1A1DC1350039E222 /* JSOperation.h */ = {isa = PBXFileReference; fileEncoding = 4; lastKnownFileType = sourcecode.c.h; path = JSOperation.h; sourceTree = "<group>"; };
		180F7F401A1DC1350039E222 /* JSOperation.m */ = {isa = PBXFileReference; fileEncoding = 4; lastKnownFileType = sourcecode.c.objc; path = JSOperation.m; sourceTree = "<group>"; };
		180F7F431A1DCACC0039E222 /* blogDetail.js */ = {isa = PBXFileReference; fileEncoding = 4; lastKnownFileType = sourcecode.javascript; path = blogDetail.js; sourceTree = "<group>"; };
		180F7F441A1DCACC0039E222 /* jquery.js */ = {isa = PBXFileReference; fileEncoding = 4; lastKnownFileType = sourcecode.javascript; path = jquery.js; sourceTree = "<group>"; };
		180F7F471A1DD1130039E222 /* JSWebView.h */ = {isa = PBXFileReference; fileEncoding = 4; lastKnownFileType = sourcecode.c.h; path = JSWebView.h; sourceTree = "<group>"; };
		180F7F481A1DD1130039E222 /* JSWebView.m */ = {isa = PBXFileReference; fileEncoding = 4; lastKnownFileType = sourcecode.c.objc; path = JSWebView.m; sourceTree = "<group>"; };
		18130E0719E8FDA000526957 /* OLNameListTableView.h */ = {isa = PBXFileReference; fileEncoding = 4; lastKnownFileType = sourcecode.c.h; path = OLNameListTableView.h; sourceTree = "<group>"; };
		18130E0819E8FDA000526957 /* OLNameListTableView.m */ = {isa = PBXFileReference; fileEncoding = 4; lastKnownFileType = sourcecode.c.objc; path = OLNameListTableView.m; sourceTree = "<group>"; };
		18211CF71A7882EB00625535 /* OLBasicListTableView.h */ = {isa = PBXFileReference; fileEncoding = 4; lastKnownFileType = sourcecode.c.h; path = OLBasicListTableView.h; sourceTree = "<group>"; };
		18211CF81A7882EB00625535 /* OLBasicListTableView.m */ = {isa = PBXFileReference; fileEncoding = 4; lastKnownFileType = sourcecode.c.objc; path = OLBasicListTableView.m; sourceTree = "<group>"; };
		18211D511A7B72EF00625535 /* OLEGORefreshView.h */ = {isa = PBXFileReference; fileEncoding = 4; lastKnownFileType = sourcecode.c.h; path = OLEGORefreshView.h; sourceTree = "<group>"; };
		18211D521A7B72EF00625535 /* OLEGORefreshView.m */ = {isa = PBXFileReference; fileEncoding = 4; lastKnownFileType = sourcecode.c.objc; path = OLEGORefreshView.m; sourceTree = "<group>"; };
		18211D541A7B72EF00625535 /* OLEGOFooterAutoLoadControl.h */ = {isa = PBXFileReference; fileEncoding = 4; lastKnownFileType = sourcecode.c.h; path = OLEGOFooterAutoLoadControl.h; sourceTree = "<group>"; };
		18211D551A7B72EF00625535 /* OLEGOFooterAutoLoadControl.m */ = {isa = PBXFileReference; fileEncoding = 4; lastKnownFileType = sourcecode.c.objc; path = OLEGOFooterAutoLoadControl.m; sourceTree = "<group>"; };
		18211D561A7B72EF00625535 /* OLEGOFooterNormalControl.h */ = {isa = PBXFileReference; fileEncoding = 4; lastKnownFileType = sourcecode.c.h; path = OLEGOFooterNormalControl.h; sourceTree = "<group>"; };
		18211D571A7B72EF00625535 /* OLEGOFooterNormalControl.m */ = {isa = PBXFileReference; fileEncoding = 4; lastKnownFileType = sourcecode.c.objc; path = OLEGOFooterNormalControl.m; sourceTree = "<group>"; };
		18211D5B1A7B72EF00625535 /* OLEGONormalFooterView.h */ = {isa = PBXFileReference; fileEncoding = 4; lastKnownFileType = sourcecode.c.h; path = OLEGONormalFooterView.h; sourceTree = "<group>"; };
		18211D5C1A7B72EF00625535 /* OLEGONormalFooterView.m */ = {isa = PBXFileReference; fileEncoding = 4; lastKnownFileType = sourcecode.c.objc; path = OLEGONormalFooterView.m; sourceTree = "<group>"; };
		18211D5D1A7B72EF00625535 /* OLEGOPullTextFooterView.h */ = {isa = PBXFileReference; fileEncoding = 4; lastKnownFileType = sourcecode.c.h; path = OLEGOPullTextFooterView.h; sourceTree = "<group>"; };
		18211D5E1A7B72EF00625535 /* OLEGOPullTextFooterView.m */ = {isa = PBXFileReference; fileEncoding = 4; lastKnownFileType = sourcecode.c.objc; path = OLEGOPullTextFooterView.m; sourceTree = "<group>"; };
		18211D621A7B72EF00625535 /* OLEGOHeaderNormalControl.h */ = {isa = PBXFileReference; fileEncoding = 4; lastKnownFileType = sourcecode.c.h; path = OLEGOHeaderNormalControl.h; sourceTree = "<group>"; };
		18211D631A7B72EF00625535 /* OLEGOHeaderNormalControl.m */ = {isa = PBXFileReference; fileEncoding = 4; lastKnownFileType = sourcecode.c.objc; path = OLEGOHeaderNormalControl.m; sourceTree = "<group>"; };
		18211D641A7B72EF00625535 /* OLEGONormalHeaderView.h */ = {isa = PBXFileReference; fileEncoding = 4; lastKnownFileType = sourcecode.c.h; path = OLEGONormalHeaderView.h; sourceTree = "<group>"; };
		18211D651A7B72EF00625535 /* OLEGONormalHeaderView.m */ = {isa = PBXFileReference; fileEncoding = 4; lastKnownFileType = sourcecode.c.objc; path = OLEGONormalHeaderView.m; sourceTree = "<group>"; };
		18211D661A7B72EF00625535 /* OLEGOCustomFooterView.h */ = {isa = PBXFileReference; fileEncoding = 4; lastKnownFileType = sourcecode.c.h; path = OLEGOCustomFooterView.h; sourceTree = "<group>"; };
		18211D671A7B72EF00625535 /* OLEGOCustomFooterView.m */ = {isa = PBXFileReference; fileEncoding = 4; lastKnownFileType = sourcecode.c.objc; path = OLEGOCustomFooterView.m; sourceTree = "<group>"; };
		18211D681A7B72EF00625535 /* OLEGOCustomHeaderView.h */ = {isa = PBXFileReference; fileEncoding = 4; lastKnownFileType = sourcecode.c.h; path = OLEGOCustomHeaderView.h; sourceTree = "<group>"; };
		18211D691A7B72EF00625535 /* OLEGOCustomHeaderView.m */ = {isa = PBXFileReference; fileEncoding = 4; lastKnownFileType = sourcecode.c.objc; path = OLEGOCustomHeaderView.m; sourceTree = "<group>"; };
		18211D6A1A7B72EF00625535 /* EGOViewCommon.h */ = {isa = PBXFileReference; fileEncoding = 4; lastKnownFileType = sourcecode.c.h; path = EGOViewCommon.h; sourceTree = "<group>"; };
		18211D6C1A7B72EF00625535 /* blackArrow.png */ = {isa = PBXFileReference; lastKnownFileType = image.png; path = blackArrow.png; sourceTree = "<group>"; };
		18211D6D1A7B72EF00625535 /* blackArrow@2x.png */ = {isa = PBXFileReference; lastKnownFileType = image.png; path = "blackArrow@2x.png"; sourceTree = "<group>"; };
		18211D6E1A7B72EF00625535 /* blueArrow.png */ = {isa = PBXFileReference; lastKnownFileType = image.png; path = blueArrow.png; sourceTree = "<group>"; };
		18211D6F1A7B72EF00625535 /* blueArrow@2x.png */ = {isa = PBXFileReference; lastKnownFileType = image.png; path = "blueArrow@2x.png"; sourceTree = "<group>"; };
		18211D701A7B72EF00625535 /* grayArrow.png */ = {isa = PBXFileReference; lastKnownFileType = image.png; path = grayArrow.png; sourceTree = "<group>"; };
		18211D711A7B72EF00625535 /* grayArrow@2x.png */ = {isa = PBXFileReference; lastKnownFileType = image.png; path = "grayArrow@2x.png"; sourceTree = "<group>"; };
		18211D721A7B72EF00625535 /* whiteArrow.png */ = {isa = PBXFileReference; lastKnownFileType = image.png; path = whiteArrow.png; sourceTree = "<group>"; };
		18211D731A7B72EF00625535 /* whiteArrow@2x.png */ = {isa = PBXFileReference; lastKnownFileType = image.png; path = "whiteArrow@2x.png"; sourceTree = "<group>"; };
		18211D741A7B72EF00625535 /* 下拉（松开刷新）@2x.png */ = {isa = PBXFileReference; lastKnownFileType = image.png; path = "下拉（松开刷新）@2x.png"; sourceTree = "<group>"; };
		18211D751A7B72EF00625535 /* 刷新1@2x.png */ = {isa = PBXFileReference; lastKnownFileType = image.png; path = "刷新1@2x.png"; sourceTree = "<group>"; };
		18211D761A7B72EF00625535 /* 刷新2@2x.png */ = {isa = PBXFileReference; lastKnownFileType = image.png; path = "刷新2@2x.png"; sourceTree = "<group>"; };
		18211D771A7B72EF00625535 /* 刷新3@2x.png */ = {isa = PBXFileReference; lastKnownFileType = image.png; path = "刷新3@2x.png"; sourceTree = "<group>"; };
		18211D781A7B72EF00625535 /* 刷新4@2x.png */ = {isa = PBXFileReference; lastKnownFileType = image.png; path = "刷新4@2x.png"; sourceTree = "<group>"; };
		18211D7A1A7B72EF00625535 /* OLEGOCustomListTableView.h */ = {isa = PBXFileReference; fileEncoding = 4; lastKnownFileType = sourcecode.c.h; path = OLEGOCustomListTableView.h; sourceTree = "<group>"; };
		18211D7B1A7B72EF00625535 /* OLEGOCustomListTableView.m */ = {isa = PBXFileReference; fileEncoding = 4; lastKnownFileType = sourcecode.c.objc; path = OLEGOCustomListTableView.m; sourceTree = "<group>"; };
		18211D7C1A7B72EF00625535 /* OLEGOPageListTableView.h */ = {isa = PBXFileReference; fileEncoding = 4; lastKnownFileType = sourcecode.c.h; path = OLEGOPageListTableView.h; sourceTree = "<group>"; };
		18211D7D1A7B72EF00625535 /* OLEGOPageListTableView.m */ = {isa = PBXFileReference; fileEncoding = 4; lastKnownFileType = sourcecode.c.objc; path = OLEGOPageListTableView.m; sourceTree = "<group>"; };
		18211D981A7B860300625535 /* OLEGOTapTextFooterView.h */ = {isa = PBXFileReference; fileEncoding = 4; lastKnownFileType = sourcecode.c.h; path = OLEGOTapTextFooterView.h; sourceTree = "<group>"; };
		18211D991A7B860300625535 /* OLEGOTapTextFooterView.m */ = {isa = PBXFileReference; fileEncoding = 4; lastKnownFileType = sourcecode.c.objc; path = OLEGOTapTextFooterView.m; sourceTree = "<group>"; };
		18233F3419E699DC00F9373C /* OLConfigRequest.h */ = {isa = PBXFileReference; fileEncoding = 4; lastKnownFileType = sourcecode.c.h; path = OLConfigRequest.h; sourceTree = "<group>"; };
		18233F3519E699DC00F9373C /* OLConfigRequest.m */ = {isa = PBXFileReference; fileEncoding = 4; lastKnownFileType = sourcecode.c.objc; path = OLConfigRequest.m; sourceTree = "<group>"; };
		18233F3719E69A6B00F9373C /* OLProtocolRequest.h */ = {isa = PBXFileReference; fileEncoding = 4; lastKnownFileType = sourcecode.c.h; path = OLProtocolRequest.h; sourceTree = "<group>"; };
		18233F3819E69A6B00F9373C /* OLProtocolRequest.m */ = {isa = PBXFileReference; fileEncoding = 4; lastKnownFileType = sourcecode.c.objc; path = OLProtocolRequest.m; sourceTree = "<group>"; };
		1831661F1A08B9AF0061CADA /* OLBasicViewController.h */ = {isa = PBXFileReference; fileEncoding = 4; lastKnownFileType = sourcecode.c.h; path = OLBasicViewController.h; sourceTree = "<group>"; };
		183166201A08B9AF0061CADA /* OLBasicViewController.m */ = {isa = PBXFileReference; fileEncoding = 4; lastKnownFileType = sourcecode.c.objc; path = OLBasicViewController.m; sourceTree = "<group>"; };
		183166221A08B9E10061CADA /* OLMainTopicListViewController.h */ = {isa = PBXFileReference; fileEncoding = 4; lastKnownFileType = sourcecode.c.h; path = OLMainTopicListViewController.h; sourceTree = "<group>"; };
		183166231A08B9E10061CADA /* OLMainTopicListViewController.m */ = {isa = PBXFileReference; fileEncoding = 4; lastKnownFileType = sourcecode.c.objc; path = OLMainTopicListViewController.m; sourceTree = "<group>"; };
		183166251A08BA100061CADA /* OLMainTopicListTableView.h */ = {isa = PBXFileReference; fileEncoding = 4; lastKnownFileType = sourcecode.c.h; path = OLMainTopicListTableView.h; sourceTree = "<group>"; };
		183166261A08BA100061CADA /* OLMainTopicListTableView.m */ = {isa = PBXFileReference; fileEncoding = 4; lastKnownFileType = sourcecode.c.objc; path = OLMainTopicListTableView.m; sourceTree = "<group>"; };
		183166281A08BA7A0061CADA /* OLMainTopicListCell.h */ = {isa = PBXFileReference; fileEncoding = 4; lastKnownFileType = sourcecode.c.h; path = OLMainTopicListCell.h; sourceTree = "<group>"; };
		183166291A08BA7A0061CADA /* OLMainTopicListCell.m */ = {isa = PBXFileReference; fileEncoding = 4; lastKnownFileType = sourcecode.c.objc; path = OLMainTopicListCell.m; sourceTree = "<group>"; };
		1831662C1A08C8D60061CADA /* OLTopicListDataModel.h */ = {isa = PBXFileReference; fileEncoding = 4; lastKnownFileType = sourcecode.c.h; path = OLTopicListDataModel.h; sourceTree = "<group>"; };
		1831662D1A08C8D60061CADA /* OLTopicListDataModel.m */ = {isa = PBXFileReference; fileEncoding = 4; lastKnownFileType = sourcecode.c.objc; path = OLTopicListDataModel.m; sourceTree = "<group>"; };
		1831662F1A08C8F90061CADA /* OLTopicListRequest.h */ = {isa = PBXFileReference; fileEncoding = 4; lastKnownFileType = sourcecode.c.h; path = OLTopicListRequest.h; sourceTree = "<group>"; };
		183166301A08C8F90061CADA /* OLTopicListRequest.m */ = {isa = PBXFileReference; fileEncoding = 4; lastKnownFileType = sourcecode.c.objc; path = OLTopicListRequest.m; sourceTree = "<group>"; };
		183445D519EE63F300F914AD /* OLConfigDataModel.h */ = {isa = PBXFileReference; fileEncoding = 4; lastKnownFileType = sourcecode.c.h; path = OLConfigDataModel.h; sourceTree = "<group>"; };
		183445D619EE63F300F914AD /* OLConfigDataModel.m */ = {isa = PBXFileReference; fileEncoding = 4; lastKnownFileType = sourcecode.c.objc; path = OLConfigDataModel.m; sourceTree = "<group>"; };
		183445D819EE645B00F914AD /* OLBasicDataModel.h */ = {isa = PBXFileReference; fileEncoding = 4; lastKnownFileType = sourcecode.c.h; path = OLBasicDataModel.h; sourceTree = "<group>"; };
		183445D919EE645B00F914AD /* OLBasicDataModel.m */ = {isa = PBXFileReference; fileEncoding = 4; lastKnownFileType = sourcecode.c.objc; path = OLBasicDataModel.m; sourceTree = "<group>"; };
		1845101F1A8B57AC00A8CDEB /* OLEGOFooterAndHeaderNoneControl.h */ = {isa = PBXFileReference; fileEncoding = 4; lastKnownFileType = sourcecode.c.h; path = OLEGOFooterAndHeaderNoneControl.h; sourceTree = "<group>"; };
		184510201A8B57AC00A8CDEB /* OLEGOFooterAndHeaderNoneControl.m */ = {isa = PBXFileReference; fileEncoding = 4; lastKnownFileType = sourcecode.c.objc; path = OLEGOFooterAndHeaderNoneControl.m; sourceTree = "<group>"; };
		184510221A8C3DDC00A8CDEB /* OLEGOLoadTypeListTableView.h */ = {isa = PBXFileReference; fileEncoding = 4; lastKnownFileType = sourcecode.c.h; path = OLEGOLoadTypeListTableView.h; sourceTree = "<group>"; };
		184510231A8C3DDC00A8CDEB /* OLEGOLoadTypeListTableView.m */ = {isa = PBXFileReference; fileEncoding = 4; lastKnownFileType = sourcecode.c.objc; path = OLEGOLoadTypeListTableView.m; sourceTree = "<group>"; };
		184510251A8C95D800A8CDEB /* OLEGOLatestHeaderView.h */ = {isa = PBXFileReference; fileEncoding = 4; lastKnownFileType = sourcecode.c.h; path = OLEGOLatestHeaderView.h; sourceTree = "<group>"; };
		184510261A8C95D800A8CDEB /* OLEGOLatestHeaderView.m */ = {isa = PBXFileReference; fileEncoding = 4; lastKnownFileType = sourcecode.c.objc; path = OLEGOLatestHeaderView.m; sourceTree = "<group>"; };
		184510291A8D90EE00A8CDEB /* SFHFKeychainUtils.h */ = {isa = PBXFileReference; fileEncoding = 4; lastKnownFileType = sourcecode.c.h; path = SFHFKeychainUtils.h; sourceTree = "<group>"; };
		1845102A1A8D90EE00A8CDEB /* SFHFKeychainUtils.m */ = {isa = PBXFileReference; fileEncoding = 4; lastKnownFileType = sourcecode.c.objc; path = SFHFKeychainUtils.m; sourceTree = "<group>"; };
		187767C11A416805003F31B6 /* SWTableViewCell.h */ = {isa = PBXFileReference; fileEncoding = 4; lastKnownFileType = sourcecode.c.h; path = SWTableViewCell.h; sourceTree = "<group>"; };
		187767C21A416805003F31B6 /* SWTableViewCell.m */ = {isa = PBXFileReference; fileEncoding = 4; lastKnownFileType = sourcecode.c.objc; path = SWTableViewCell.m; sourceTree = "<group>"; };
		18809DCA1A0B5B0200B66A59 /* MKAnnotationView+WebCache.h */ = {isa = PBXFileReference; fileEncoding = 4; lastKnownFileType = sourcecode.c.h; path = "MKAnnotationView+WebCache.h"; sourceTree = "<group>"; };
		18809DCB1A0B5B0200B66A59 /* MKAnnotationView+WebCache.m */ = {isa = PBXFileReference; fileEncoding = 4; lastKnownFileType = sourcecode.c.objc; path = "MKAnnotationView+WebCache.m"; sourceTree = "<group>"; };
		18809DCC1A0B5B0200B66A59 /* NSData+ImageContentType.h */ = {isa = PBXFileReference; fileEncoding = 4; lastKnownFileType = sourcecode.c.h; path = "NSData+ImageContentType.h"; sourceTree = "<group>"; };
		18809DCD1A0B5B0200B66A59 /* NSData+ImageContentType.m */ = {isa = PBXFileReference; fileEncoding = 4; lastKnownFileType = sourcecode.c.objc; path = "NSData+ImageContentType.m"; sourceTree = "<group>"; };
		18809DCE1A0B5B0200B66A59 /* SDImageCache.h */ = {isa = PBXFileReference; fileEncoding = 4; lastKnownFileType = sourcecode.c.h; path = SDImageCache.h; sourceTree = "<group>"; };
		18809DCF1A0B5B0200B66A59 /* SDImageCache.m */ = {isa = PBXFileReference; fileEncoding = 4; lastKnownFileType = sourcecode.c.objc; path = SDImageCache.m; sourceTree = "<group>"; };
		18809DD01A0B5B0200B66A59 /* SDWebImageCompat.h */ = {isa = PBXFileReference; fileEncoding = 4; lastKnownFileType = sourcecode.c.h; path = SDWebImageCompat.h; sourceTree = "<group>"; };
		18809DD11A0B5B0200B66A59 /* SDWebImageCompat.m */ = {isa = PBXFileReference; fileEncoding = 4; lastKnownFileType = sourcecode.c.objc; path = SDWebImageCompat.m; sourceTree = "<group>"; };
		18809DD21A0B5B0200B66A59 /* SDWebImageDecoder.h */ = {isa = PBXFileReference; fileEncoding = 4; lastKnownFileType = sourcecode.c.h; path = SDWebImageDecoder.h; sourceTree = "<group>"; };
		18809DD31A0B5B0200B66A59 /* SDWebImageDecoder.m */ = {isa = PBXFileReference; fileEncoding = 4; lastKnownFileType = sourcecode.c.objc; path = SDWebImageDecoder.m; sourceTree = "<group>"; };
		18809DD41A0B5B0200B66A59 /* SDWebImageDownloader.h */ = {isa = PBXFileReference; fileEncoding = 4; lastKnownFileType = sourcecode.c.h; path = SDWebImageDownloader.h; sourceTree = "<group>"; };
		18809DD51A0B5B0200B66A59 /* SDWebImageDownloader.m */ = {isa = PBXFileReference; fileEncoding = 4; lastKnownFileType = sourcecode.c.objc; path = SDWebImageDownloader.m; sourceTree = "<group>"; };
		18809DD61A0B5B0200B66A59 /* SDWebImageDownloaderOperation.h */ = {isa = PBXFileReference; fileEncoding = 4; lastKnownFileType = sourcecode.c.h; path = SDWebImageDownloaderOperation.h; sourceTree = "<group>"; };
		18809DD71A0B5B0200B66A59 /* SDWebImageDownloaderOperation.m */ = {isa = PBXFileReference; fileEncoding = 4; lastKnownFileType = sourcecode.c.objc; path = SDWebImageDownloaderOperation.m; sourceTree = "<group>"; };
		18809DD81A0B5B0200B66A59 /* SDWebImageManager.h */ = {isa = PBXFileReference; fileEncoding = 4; lastKnownFileType = sourcecode.c.h; path = SDWebImageManager.h; sourceTree = "<group>"; };
		18809DD91A0B5B0200B66A59 /* SDWebImageManager.m */ = {isa = PBXFileReference; fileEncoding = 4; lastKnownFileType = sourcecode.c.objc; path = SDWebImageManager.m; sourceTree = "<group>"; };
		18809DDA1A0B5B0200B66A59 /* SDWebImageOperation.h */ = {isa = PBXFileReference; fileEncoding = 4; lastKnownFileType = sourcecode.c.h; path = SDWebImageOperation.h; sourceTree = "<group>"; };
		18809DDB1A0B5B0200B66A59 /* SDWebImagePrefetcher.h */ = {isa = PBXFileReference; fileEncoding = 4; lastKnownFileType = sourcecode.c.h; path = SDWebImagePrefetcher.h; sourceTree = "<group>"; };
		18809DDC1A0B5B0200B66A59 /* SDWebImagePrefetcher.m */ = {isa = PBXFileReference; fileEncoding = 4; lastKnownFileType = sourcecode.c.objc; path = SDWebImagePrefetcher.m; sourceTree = "<group>"; };
		18809DDD1A0B5B0200B66A59 /* UIButton+WebCache.h */ = {isa = PBXFileReference; fileEncoding = 4; lastKnownFileType = sourcecode.c.h; path = "UIButton+WebCache.h"; sourceTree = "<group>"; };
		18809DDE1A0B5B0200B66A59 /* UIButton+WebCache.m */ = {isa = PBXFileReference; fileEncoding = 4; lastKnownFileType = sourcecode.c.objc; path = "UIButton+WebCache.m"; sourceTree = "<group>"; };
		18809DDF1A0B5B0200B66A59 /* UIImage+GIF.h */ = {isa = PBXFileReference; fileEncoding = 4; lastKnownFileType = sourcecode.c.h; path = "UIImage+GIF.h"; sourceTree = "<group>"; };
		18809DE01A0B5B0200B66A59 /* UIImage+GIF.m */ = {isa = PBXFileReference; fileEncoding = 4; lastKnownFileType = sourcecode.c.objc; path = "UIImage+GIF.m"; sourceTree = "<group>"; };
		18809DE11A0B5B0200B66A59 /* UIImage+MultiFormat.h */ = {isa = PBXFileReference; fileEncoding = 4; lastKnownFileType = sourcecode.c.h; path = "UIImage+MultiFormat.h"; sourceTree = "<group>"; };
		18809DE21A0B5B0200B66A59 /* UIImage+MultiFormat.m */ = {isa = PBXFileReference; fileEncoding = 4; lastKnownFileType = sourcecode.c.objc; path = "UIImage+MultiFormat.m"; sourceTree = "<group>"; };
		18809DE31A0B5B0200B66A59 /* UIImage+WebP.h */ = {isa = PBXFileReference; fileEncoding = 4; lastKnownFileType = sourcecode.c.h; path = "UIImage+WebP.h"; sourceTree = "<group>"; };
		18809DE41A0B5B0200B66A59 /* UIImage+WebP.m */ = {isa = PBXFileReference; fileEncoding = 4; lastKnownFileType = sourcecode.c.objc; path = "UIImage+WebP.m"; sourceTree = "<group>"; };
		18809DE51A0B5B0200B66A59 /* UIImageView+HighlightedWebCache.h */ = {isa = PBXFileReference; fileEncoding = 4; lastKnownFileType = sourcecode.c.h; path = "UIImageView+HighlightedWebCache.h"; sourceTree = "<group>"; };
		18809DE61A0B5B0200B66A59 /* UIImageView+HighlightedWebCache.m */ = {isa = PBXFileReference; fileEncoding = 4; lastKnownFileType = sourcecode.c.objc; path = "UIImageView+HighlightedWebCache.m"; sourceTree = "<group>"; };
		18809DE71A0B5B0200B66A59 /* UIImageView+WebCache.h */ = {isa = PBXFileReference; fileEncoding = 4; lastKnownFileType = sourcecode.c.h; path = "UIImageView+WebCache.h"; sourceTree = "<group>"; };
		18809DE81A0B5B0200B66A59 /* UIImageView+WebCache.m */ = {isa = PBXFileReference; fileEncoding = 4; lastKnownFileType = sourcecode.c.objc; path = "UIImageView+WebCache.m"; sourceTree = "<group>"; };
		18809DE91A0B5B0200B66A59 /* UIView+WebCacheOperation.h */ = {isa = PBXFileReference; fileEncoding = 4; lastKnownFileType = sourcecode.c.h; path = "UIView+WebCacheOperation.h"; sourceTree = "<group>"; };
		18809DEA1A0B5B0200B66A59 /* UIView+WebCacheOperation.m */ = {isa = PBXFileReference; fileEncoding = 4; lastKnownFileType = sourcecode.c.objc; path = "UIView+WebCacheOperation.m"; sourceTree = "<group>"; };
/* End PBXFileReference section */

/* Begin PBXFrameworksBuildPhase section */
		180D589419E622680045A720 /* Frameworks */ = {
			isa = PBXFrameworksBuildPhase;
			buildActionMask = 2147483647;
			files = (
			);
			runOnlyForDeploymentPostprocessing = 0;
		};
		180D58AD19E622680045A720 /* Frameworks */ = {
			isa = PBXFrameworksBuildPhase;
			buildActionMask = 2147483647;
			files = (
			);
			runOnlyForDeploymentPostprocessing = 0;
		};
/* End PBXFrameworksBuildPhase section */

/* Begin PBXGroup section */
		180D588E19E622680045A720 = {
			isa = PBXGroup;
			children = (
				180D58C019E622910045A720 /* readme.txt */,
				180D589919E622680045A720 /* WebConnectPrj */,
				180D58B319E622680045A720 /* WebConnectPrjTests */,
				180D589819E622680045A720 /* Products */,
			);
			sourceTree = "<group>";
		};
		180D589819E622680045A720 /* Products */ = {
			isa = PBXGroup;
			children = (
				180D589719E622680045A720 /* WebConnectPrj.app */,
				180D58B019E622680045A720 /* WebConnectPrjTests.xctest */,
			);
			name = Products;
			sourceTree = "<group>";
		};
		180D589919E622680045A720 /* WebConnectPrj */ = {
			isa = PBXGroup;
			children = (
				180F7F3E1A1DC0D00039E222 /* JSBlockOperation */,
				180F7F3A1A1DB4C50039E222 /* JSONKit */,
				180F7F1F1A1DB43C0039E222 /* NetWork */,
				1831661E1A08B98D0061CADA /* OLBasic */,
				1831661D1A08B94D0061CADA /* OLMainList */,
				18414F2E19EF75B100F5FF71 /* Tools */,
				180D58D319E62EC70045A720 /* DataModel */,
				180D58D419E62EC70045A720 /* RequestModel */,
				180D58C819E6255D0045A720 /* Constant */,
				180D589E19E622680045A720 /* AppDelegate.h */,
				180D589F19E622680045A720 /* AppDelegate.m */,
				180D58A119E622680045A720 /* ViewController.h */,
				180D58A219E622680045A720 /* ViewController.m */,
				18130E0719E8FDA000526957 /* OLNameListTableView.h */,
				18130E0819E8FDA000526957 /* OLNameListTableView.m */,
				180D58D819E65EF30045A720 /* OtherTools */,
				180D58A419E622680045A720 /* Main.storyboard */,
				180D58A719E622680045A720 /* Images.xcassets */,
				180D58A919E622680045A720 /* LaunchScreen.xib */,
				180D589A19E622680045A720 /* Supporting Files */,
			);
			path = WebConnectPrj;
			sourceTree = "<group>";
		};
		180D589A19E622680045A720 /* Supporting Files */ = {
			isa = PBXGroup;
			children = (
				180F7F421A1DCACC0039E222 /* LocalJS */,
				180D589B19E622680045A720 /* Info.plist */,
				180D589C19E622680045A720 /* main.m */,
			);
			name = "Supporting Files";
			sourceTree = "<group>";
		};
		180D58B319E622680045A720 /* WebConnectPrjTests */ = {
			isa = PBXGroup;
			children = (
				180D58B619E622680045A720 /* WebConnectPrjTests.m */,
				180D58B419E622680045A720 /* Supporting Files */,
			);
			path = WebConnectPrjTests;
			sourceTree = "<group>";
		};
		180D58B419E622680045A720 /* Supporting Files */ = {
			isa = PBXGroup;
			children = (
				180D58B519E622680045A720 /* Info.plist */,
			);
			name = "Supporting Files";
			sourceTree = "<group>";
		};
		180D58C819E6255D0045A720 /* Constant */ = {
			isa = PBXGroup;
			children = (
				180D58C919E6255D0045A720 /* AppConstant.h */,
				180D58CA19E6255D0045A720 /* BlockConstant.h */,
				180D58CB19E6255D0045A720 /* MethodConstant.h */,
				180D58CC19E6255D0045A720 /* WebConstant.h */,
			);
			path = Constant;
			sourceTree = "<group>";
		};
		180D58D319E62EC70045A720 /* DataModel */ = {
			isa = PBXGroup;
			children = (
				183445D519EE63F300F914AD /* OLConfigDataModel.h */,
				183445D619EE63F300F914AD /* OLConfigDataModel.m */,
				183445D819EE645B00F914AD /* OLBasicDataModel.h */,
				183445D919EE645B00F914AD /* OLBasicDataModel.m */,
			);
			path = DataModel;
			sourceTree = "<group>";
		};
		180D58D419E62EC70045A720 /* RequestModel */ = {
			isa = PBXGroup;
			children = (
				180D58D519E62F040045A720 /* OLBasicRequest.h */,
				180D58D619E62F040045A720 /* OLBasicRequest.m */,
				18233F3419E699DC00F9373C /* OLConfigRequest.h */,
				18233F3519E699DC00F9373C /* OLConfigRequest.m */,
				18233F3719E69A6B00F9373C /* OLProtocolRequest.h */,
				18233F3819E69A6B00F9373C /* OLProtocolRequest.m */,
			);
			path = RequestModel;
			sourceTree = "<group>";
		};
		180D58D819E65EF30045A720 /* OtherTools */ = {
			isa = PBXGroup;
			children = (
				187767C01A416805003F31B6 /* SWTableViewCell */,
				18809DC91A0B5B0200B66A59 /* SDWebImage0915 */,
				180D58D919E65EF30045A720 /* AFNetworking */,
				180D58ED19E65EF30045A720 /* UIKit+AFNetworking */,
			);
			path = OtherTools;
			sourceTree = "<group>";
		};
		180D58D919E65EF30045A720 /* AFNetworking */ = {
			isa = PBXGroup;
			children = (
				180D58DA19E65EF30045A720 /* AFHTTPRequestOperation.h */,
				180D58DB19E65EF30045A720 /* AFHTTPRequestOperation.m */,
				180D58DC19E65EF30045A720 /* AFHTTPRequestOperationManager.h */,
				180D58DD19E65EF30045A720 /* AFHTTPRequestOperationManager.m */,
				180D58DE19E65EF30045A720 /* AFHTTPSessionManager.h */,
				180D58DF19E65EF30045A720 /* AFHTTPSessionManager.m */,
				180D58E019E65EF30045A720 /* AFNetworking.h */,
				180D58E119E65EF30045A720 /* AFNetworkReachabilityManager.h */,
				180D58E219E65EF30045A720 /* AFNetworkReachabilityManager.m */,
				180D58E319E65EF30045A720 /* AFSecurityPolicy.h */,
				180D58E419E65EF30045A720 /* AFSecurityPolicy.m */,
				180D58E519E65EF30045A720 /* AFURLConnectionOperation.h */,
				180D58E619E65EF30045A720 /* AFURLConnectionOperation.m */,
				180D58E719E65EF30045A720 /* AFURLRequestSerialization.h */,
				180D58E819E65EF30045A720 /* AFURLRequestSerialization.m */,
				180D58E919E65EF30045A720 /* AFURLResponseSerialization.h */,
				180D58EA19E65EF30045A720 /* AFURLResponseSerialization.m */,
				180D58EB19E65EF30045A720 /* AFURLSessionManager.h */,
				180D58EC19E65EF30045A720 /* AFURLSessionManager.m */,
			);
			path = AFNetworking;
			sourceTree = "<group>";
		};
		180D58ED19E65EF30045A720 /* UIKit+AFNetworking */ = {
			isa = PBXGroup;
			children = (
				180D58EE19E65EF30045A720 /* AFNetworkActivityIndicatorManager.h */,
				180D58EF19E65EF30045A720 /* AFNetworkActivityIndicatorManager.m */,
				180D58F019E65EF30045A720 /* UIActivityIndicatorView+AFNetworking.h */,
				180D58F119E65EF30045A720 /* UIActivityIndicatorView+AFNetworking.m */,
				180D58F219E65EF30045A720 /* UIAlertView+AFNetworking.h */,
				180D58F319E65EF30045A720 /* UIAlertView+AFNetworking.m */,
				180D58F419E65EF30045A720 /* UIButton+AFNetworking.h */,
				180D58F519E65EF30045A720 /* UIButton+AFNetworking.m */,
				180D58F619E65EF30045A720 /* UIImageView+AFNetworking.h */,
				180D58F719E65EF30045A720 /* UIImageView+AFNetworking.m */,
				180D58F819E65EF30045A720 /* UIKit+AFNetworking.h */,
				180D58F919E65EF30045A720 /* UIProgressView+AFNetworking.h */,
				180D58FA19E65EF30045A720 /* UIProgressView+AFNetworking.m */,
				180D58FB19E65EF30045A720 /* UIRefreshControl+AFNetworking.h */,
				180D58FC19E65EF30045A720 /* UIRefreshControl+AFNetworking.m */,
				180D58FD19E65EF30045A720 /* UIWebView+AFNetworking.h */,
				180D58FE19E65EF30045A720 /* UIWebView+AFNetworking.m */,
			);
			path = "UIKit+AFNetworking";
			sourceTree = "<group>";
		};
		180F7F1F1A1DB43C0039E222 /* NetWork */ = {
			isa = PBXGroup;
			children = (
				180F7F201A1DB43C0039E222 /* NTBasicRequest.h */,
				180F7F211A1DB43C0039E222 /* NTBasicRequest.m */,
				180F7F221A1DB43C0039E222 /* NTConnectClient.h */,
				180F7F231A1DB43C0039E222 /* NTConnectClient.m */,
				180F7F241A1DB43C0039E222 /* NTConnectSepcialClient.h */,
				180F7F251A1DB43C0039E222 /* NTConnectSepcialClient.m */,
				180F7F261A1DB43C0039E222 /* OLBasicModel */,
			);
			path = NetWork;
			sourceTree = "<group>";
		};
		180F7F261A1DB43C0039E222 /* OLBasicModel */ = {
			isa = PBXGroup;
			children = (
			);
			path = OLBasicModel;
			sourceTree = "<group>";
		};
		180F7F3A1A1DB4C50039E222 /* JSONKit */ = {
			isa = PBXGroup;
			children = (
				180F7F3B1A1DB4C50039E222 /* JSONKit.h */,
				180F7F3C1A1DB4C50039E222 /* JSONKit.m */,
			);
			path = JSONKit;
			sourceTree = "<group>";
		};
		180F7F3E1A1DC0D00039E222 /* JSBlockOperation */ = {
			isa = PBXGroup;
			children = (
				180F7F3F1A1DC1350039E222 /* JSOperation.h */,
				180F7F401A1DC1350039E222 /* JSOperation.m */,
				180F7F471A1DD1130039E222 /* JSWebView.h */,
				180F7F481A1DD1130039E222 /* JSWebView.m */,
			);
			path = JSBlockOperation;
			sourceTree = "<group>";
		};
		180F7F421A1DCACC0039E222 /* LocalJS */ = {
			isa = PBXGroup;
			children = (
				180F7F431A1DCACC0039E222 /* blogDetail.js */,
				180F7F441A1DCACC0039E222 /* jquery.js */,
			);
			path = LocalJS;
			sourceTree = "<group>";
		};
		18211CE01A7882EB00625535 /* OLBasicTableView */ = {
			isa = PBXGroup;
			children = (
				18211D4E1A7B72EF00625535 /* EGO */,
				18211D791A7B72EF00625535 /* TableView */,
				18211CF71A7882EB00625535 /* OLBasicListTableView.h */,
				18211CF81A7882EB00625535 /* OLBasicListTableView.m */,
			);
			path = OLBasicTableView;
			sourceTree = "<group>";
		};
		18211D4E1A7B72EF00625535 /* EGO */ = {
			isa = PBXGroup;
			children = (
				18211D4F1A7B72EF00625535 /* EGOView */,
				18211D6A1A7B72EF00625535 /* EGOViewCommon.h */,
				18211D6B1A7B72EF00625535 /* images */,
			);
			path = EGO;
			sourceTree = "<group>";
		};
		18211D4F1A7B72EF00625535 /* EGOView */ = {
			isa = PBXGroup;
			children = (
				18211D501A7B72EF00625535 /* BasicView */,
				18211D531A7B72EF00625535 /* Footer */,
				18211D611A7B72EF00625535 /* Header */,
				18211D661A7B72EF00625535 /* OLEGOCustomFooterView.h */,
				18211D671A7B72EF00625535 /* OLEGOCustomFooterView.m */,
				18211D681A7B72EF00625535 /* OLEGOCustomHeaderView.h */,
				18211D691A7B72EF00625535 /* OLEGOCustomHeaderView.m */,
			);
			path = EGOView;
			sourceTree = "<group>";
		};
		18211D501A7B72EF00625535 /* BasicView */ = {
			isa = PBXGroup;
			children = (
				1845101F1A8B57AC00A8CDEB /* OLEGOFooterAndHeaderNoneControl.h */,
				184510201A8B57AC00A8CDEB /* OLEGOFooterAndHeaderNoneControl.m */,
				18211D511A7B72EF00625535 /* OLEGORefreshView.h */,
				18211D521A7B72EF00625535 /* OLEGORefreshView.m */,
			);
			path = BasicView;
			sourceTree = "<group>";
		};
		18211D531A7B72EF00625535 /* Footer */ = {
			isa = PBXGroup;
			children = (
				18211D561A7B72EF00625535 /* OLEGOFooterNormalControl.h */,
				18211D571A7B72EF00625535 /* OLEGOFooterNormalControl.m */,
				18211D541A7B72EF00625535 /* OLEGOFooterAutoLoadControl.h */,
				18211D551A7B72EF00625535 /* OLEGOFooterAutoLoadControl.m */,
				18211D5A1A7B72EF00625535 /* view */,
			);
			path = Footer;
			sourceTree = "<group>";
		};
		18211D5A1A7B72EF00625535 /* view */ = {
			isa = PBXGroup;
			children = (
				18211D5B1A7B72EF00625535 /* OLEGONormalFooterView.h */,
				18211D5C1A7B72EF00625535 /* OLEGONormalFooterView.m */,
				18211D5D1A7B72EF00625535 /* OLEGOPullTextFooterView.h */,
				18211D5E1A7B72EF00625535 /* OLEGOPullTextFooterView.m */,
				18211D981A7B860300625535 /* OLEGOTapTextFooterView.h */,
				18211D991A7B860300625535 /* OLEGOTapTextFooterView.m */,
			);
			path = view;
			sourceTree = "<group>";
		};
		18211D611A7B72EF00625535 /* Header */ = {
			isa = PBXGroup;
			children = (
				18211D621A7B72EF00625535 /* OLEGOHeaderNormalControl.h */,
				18211D631A7B72EF00625535 /* OLEGOHeaderNormalControl.m */,
				184510251A8C95D800A8CDEB /* OLEGOLatestHeaderView.h */,
				184510261A8C95D800A8CDEB /* OLEGOLatestHeaderView.m */,
				18211D641A7B72EF00625535 /* OLEGONormalHeaderView.h */,
				18211D651A7B72EF00625535 /* OLEGONormalHeaderView.m */,
			);
			path = Header;
			sourceTree = "<group>";
		};
		18211D6B1A7B72EF00625535 /* images */ = {
			isa = PBXGroup;
			children = (
				18211D6C1A7B72EF00625535 /* blackArrow.png */,
				18211D6D1A7B72EF00625535 /* blackArrow@2x.png */,
				18211D6E1A7B72EF00625535 /* blueArrow.png */,
				18211D6F1A7B72EF00625535 /* blueArrow@2x.png */,
				18211D701A7B72EF00625535 /* grayArrow.png */,
				18211D711A7B72EF00625535 /* grayArrow@2x.png */,
				18211D721A7B72EF00625535 /* whiteArrow.png */,
				18211D731A7B72EF00625535 /* whiteArrow@2x.png */,
				18211D741A7B72EF00625535 /* 下拉（松开刷新）@2x.png */,
				18211D751A7B72EF00625535 /* 刷新1@2x.png */,
				18211D761A7B72EF00625535 /* 刷新2@2x.png */,
				18211D771A7B72EF00625535 /* 刷新3@2x.png */,
				18211D781A7B72EF00625535 /* 刷新4@2x.png */,
			);
			path = images;
			sourceTree = "<group>";
		};
		18211D791A7B72EF00625535 /* TableView */ = {
			isa = PBXGroup;
			children = (
				18211D7A1A7B72EF00625535 /* OLEGOCustomListTableView.h */,
				18211D7B1A7B72EF00625535 /* OLEGOCustomListTableView.m */,
				184510221A8C3DDC00A8CDEB /* OLEGOLoadTypeListTableView.h */,
				184510231A8C3DDC00A8CDEB /* OLEGOLoadTypeListTableView.m */,
				18211D7C1A7B72EF00625535 /* OLEGOPageListTableView.h */,
				18211D7D1A7B72EF00625535 /* OLEGOPageListTableView.m */,
			);
			path = TableView;
			sourceTree = "<group>";
		};
		1831661D1A08B94D0061CADA /* OLMainList */ = {
			isa = PBXGroup;
			children = (
				1831662B1A08C8800061CADA /* Model */,
				183166221A08B9E10061CADA /* OLMainTopicListViewController.h */,
				183166231A08B9E10061CADA /* OLMainTopicListViewController.m */,
				183166251A08BA100061CADA /* OLMainTopicListTableView.h */,
				183166261A08BA100061CADA /* OLMainTopicListTableView.m */,
				183166281A08BA7A0061CADA /* OLMainTopicListCell.h */,
				183166291A08BA7A0061CADA /* OLMainTopicListCell.m */,
			);
			path = OLMainList;
			sourceTree = "<group>";
		};
		1831661E1A08B98D0061CADA /* OLBasic */ = {
			isa = PBXGroup;
			children = (
				1831661F1A08B9AF0061CADA /* OLBasicViewController.h */,
				183166201A08B9AF0061CADA /* OLBasicViewController.m */,
			);
			path = OLBasic;
			sourceTree = "<group>";
		};
		1831662B1A08C8800061CADA /* Model */ = {
			isa = PBXGroup;
			children = (
				1831662C1A08C8D60061CADA /* OLTopicListDataModel.h */,
				1831662D1A08C8D60061CADA /* OLTopicListDataModel.m */,
				1831662F1A08C8F90061CADA /* OLTopicListRequest.h */,
				183166301A08C8F90061CADA /* OLTopicListRequest.m */,
			);
			path = Model;
			sourceTree = "<group>";
		};
		18414F2E19EF75B100F5FF71 /* Tools */ = {
			isa = PBXGroup;
			children = (
				184510281A8D90EE00A8CDEB /* SFHFKeychainUtils */,
				18211CE01A7882EB00625535 /* OLBasicTableView */,
			);
			path = Tools;
			sourceTree = "<group>";
		};
		184510281A8D90EE00A8CDEB /* SFHFKeychainUtils */ = {
			isa = PBXGroup;
			children = (
				184510291A8D90EE00A8CDEB /* SFHFKeychainUtils.h */,
				1845102A1A8D90EE00A8CDEB /* SFHFKeychainUtils.m */,
			);
			path = SFHFKeychainUtils;
			sourceTree = "<group>";
		};
		187767C01A416805003F31B6 /* SWTableViewCell */ = {
			isa = PBXGroup;
			children = (
				187767C11A416805003F31B6 /* SWTableViewCell.h */,
				187767C21A416805003F31B6 /* SWTableViewCell.m */,
			);
			path = SWTableViewCell;
			sourceTree = "<group>";
		};
		18809DC91A0B5B0200B66A59 /* SDWebImage0915 */ = {
			isa = PBXGroup;
			children = (
				18809DCA1A0B5B0200B66A59 /* MKAnnotationView+WebCache.h */,
				18809DCB1A0B5B0200B66A59 /* MKAnnotationView+WebCache.m */,
				18809DCC1A0B5B0200B66A59 /* NSData+ImageContentType.h */,
				18809DCD1A0B5B0200B66A59 /* NSData+ImageContentType.m */,
				18809DCE1A0B5B0200B66A59 /* SDImageCache.h */,
				18809DCF1A0B5B0200B66A59 /* SDImageCache.m */,
				18809DD01A0B5B0200B66A59 /* SDWebImageCompat.h */,
				18809DD11A0B5B0200B66A59 /* SDWebImageCompat.m */,
				18809DD21A0B5B0200B66A59 /* SDWebImageDecoder.h */,
				18809DD31A0B5B0200B66A59 /* SDWebImageDecoder.m */,
				18809DD41A0B5B0200B66A59 /* SDWebImageDownloader.h */,
				18809DD51A0B5B0200B66A59 /* SDWebImageDownloader.m */,
				18809DD61A0B5B0200B66A59 /* SDWebImageDownloaderOperation.h */,
				18809DD71A0B5B0200B66A59 /* SDWebImageDownloaderOperation.m */,
				18809DD81A0B5B0200B66A59 /* SDWebImageManager.h */,
				18809DD91A0B5B0200B66A59 /* SDWebImageManager.m */,
				18809DDA1A0B5B0200B66A59 /* SDWebImageOperation.h */,
				18809DDB1A0B5B0200B66A59 /* SDWebImagePrefetcher.h */,
				18809DDC1A0B5B0200B66A59 /* SDWebImagePrefetcher.m */,
				18809DDD1A0B5B0200B66A59 /* UIButton+WebCache.h */,
				18809DDE1A0B5B0200B66A59 /* UIButton+WebCache.m */,
				18809DDF1A0B5B0200B66A59 /* UIImage+GIF.h */,
				18809DE01A0B5B0200B66A59 /* UIImage+GIF.m */,
				18809DE11A0B5B0200B66A59 /* UIImage+MultiFormat.h */,
				18809DE21A0B5B0200B66A59 /* UIImage+MultiFormat.m */,
				18809DE31A0B5B0200B66A59 /* UIImage+WebP.h */,
				18809DE41A0B5B0200B66A59 /* UIImage+WebP.m */,
				18809DE51A0B5B0200B66A59 /* UIImageView+HighlightedWebCache.h */,
				18809DE61A0B5B0200B66A59 /* UIImageView+HighlightedWebCache.m */,
				18809DE71A0B5B0200B66A59 /* UIImageView+WebCache.h */,
				18809DE81A0B5B0200B66A59 /* UIImageView+WebCache.m */,
				18809DE91A0B5B0200B66A59 /* UIView+WebCacheOperation.h */,
				18809DEA1A0B5B0200B66A59 /* UIView+WebCacheOperation.m */,
			);
			path = SDWebImage0915;
			sourceTree = "<group>";
		};
/* End PBXGroup section */

/* Begin PBXNativeTarget section */
		180D589619E622680045A720 /* WebConnectPrj */ = {
			isa = PBXNativeTarget;
			buildConfigurationList = 180D58BA19E622680045A720 /* Build configuration list for PBXNativeTarget "WebConnectPrj" */;
			buildPhases = (
				180D589319E622680045A720 /* Sources */,
				180D589419E622680045A720 /* Frameworks */,
				180D589519E622680045A720 /* Resources */,
			);
			buildRules = (
			);
			dependencies = (
			);
			name = WebConnectPrj;
			productName = WebConnectPrj;
			productReference = 180D589719E622680045A720 /* WebConnectPrj.app */;
			productType = "com.apple.product-type.application";
		};
		180D58AF19E622680045A720 /* WebConnectPrjTests */ = {
			isa = PBXNativeTarget;
			buildConfigurationList = 180D58BD19E622680045A720 /* Build configuration list for PBXNativeTarget "WebConnectPrjTests" */;
			buildPhases = (
				180D58AC19E622680045A720 /* Sources */,
				180D58AD19E622680045A720 /* Frameworks */,
				180D58AE19E622680045A720 /* Resources */,
			);
			buildRules = (
			);
			dependencies = (
				180D58B219E622680045A720 /* PBXTargetDependency */,
			);
			name = WebConnectPrjTests;
			productName = WebConnectPrjTests;
			productReference = 180D58B019E622680045A720 /* WebConnectPrjTests.xctest */;
			productType = "com.apple.product-type.bundle.unit-test";
		};
/* End PBXNativeTarget section */

/* Begin PBXProject section */
		180D588F19E622680045A720 /* Project object */ = {
			isa = PBXProject;
			attributes = {
				LastUpgradeCheck = 0600;
				ORGANIZATIONNAME = zhangchaoqun;
				TargetAttributes = {
					180D589619E622680045A720 = {
						CreatedOnToolsVersion = 6.0.1;
					};
					180D58AF19E622680045A720 = {
						CreatedOnToolsVersion = 6.0.1;
						TestTargetID = 180D589619E622680045A720;
					};
				};
			};
			buildConfigurationList = 180D589219E622680045A720 /* Build configuration list for PBXProject "WebConnectPrj" */;
			compatibilityVersion = "Xcode 3.2";
			developmentRegion = English;
			hasScannedForEncodings = 0;
			knownRegions = (
				en,
				Base,
			);
			mainGroup = 180D588E19E622680045A720;
			productRefGroup = 180D589819E622680045A720 /* Products */;
			projectDirPath = "";
			projectRoot = "";
			targets = (
				180D589619E622680045A720 /* WebConnectPrj */,
				180D58AF19E622680045A720 /* WebConnectPrjTests */,
			);
		};
/* End PBXProject section */

/* Begin PBXResourcesBuildPhase section */
		180D589519E622680045A720 /* Resources */ = {
			isa = PBXResourcesBuildPhase;
			buildActionMask = 2147483647;
			files = (
				180F7F451A1DCACC0039E222 /* blogDetail.js in Resources */,
				180D58A619E622680045A720 /* Main.storyboard in Resources */,
				18211D8C1A7B72EF00625535 /* blueArrow@2x.png in Resources */,
				18211D8F1A7B72EF00625535 /* whiteArrow.png in Resources */,
				18211D8E1A7B72EF00625535 /* grayArrow@2x.png in Resources */,
				180D58AB19E622680045A720 /* LaunchScreen.xib in Resources */,
				18211D8B1A7B72EF00625535 /* blueArrow.png in Resources */,
				180D58C219E622910045A720 /* readme.txt in Resources */,
				18211D8D1A7B72EF00625535 /* grayArrow.png in Resources */,
				18211D891A7B72EF00625535 /* blackArrow.png in Resources */,
				18211D931A7B72EF00625535 /* 刷新2@2x.png in Resources */,
				180F7F461A1DCACC0039E222 /* jquery.js in Resources */,
				18211D8A1A7B72EF00625535 /* blackArrow@2x.png in Resources */,
				18211D901A7B72EF00625535 /* whiteArrow@2x.png in Resources */,
				180D58A819E622680045A720 /* Images.xcassets in Resources */,
				18211D941A7B72EF00625535 /* 刷新3@2x.png in Resources */,
				18211D911A7B72EF00625535 /* 下拉（松开刷新）@2x.png in Resources */,
				18211D921A7B72EF00625535 /* 刷新1@2x.png in Resources */,
				18211D951A7B72EF00625535 /* 刷新4@2x.png in Resources */,
			);
			runOnlyForDeploymentPostprocessing = 0;
		};
		180D58AE19E622680045A720 /* Resources */ = {
			isa = PBXResourcesBuildPhase;
			buildActionMask = 2147483647;
			files = (
			);
			runOnlyForDeploymentPostprocessing = 0;
		};
/* End PBXResourcesBuildPhase section */

/* Begin PBXSourcesBuildPhase section */
		180D589319E622680045A720 /* Sources */ = {
			isa = PBXSourcesBuildPhase;
			buildActionMask = 2147483647;
			files = (
				180D590E19E65EF30045A720 /* UIRefreshControl+AFNetworking.m in Sources */,
				18211D961A7B72EF00625535 /* OLEGOCustomListTableView.m in Sources */,
				18211D821A7B72EF00625535 /* OLEGONormalFooterView.m in Sources */,
				18211D881A7B72EF00625535 /* OLEGOCustomHeaderView.m in Sources */,
				18809DF71A0B5B0200B66A59 /* UIImage+WebP.m in Sources */,
				18809DF41A0B5B0200B66A59 /* UIButton+WebCache.m in Sources */,
				18211D801A7B72EF00625535 /* OLEGOFooterNormalControl.m in Sources */,
				180D590419E65EF30045A720 /* AFURLConnectionOperation.m in Sources */,
				180F7F411A1DC1350039E222 /* JSOperation.m in Sources */,
				18211D871A7B72EF00625535 /* OLEGOCustomFooterView.m in Sources */,
				180D590D19E65EF30045A720 /* UIProgressView+AFNetworking.m in Sources */,
				18809DED1A0B5B0200B66A59 /* SDImageCache.m in Sources */,
				183166271A08BA100061CADA /* OLMainTopicListTableView.m in Sources */,
				18809DEC1A0B5B0200B66A59 /* NSData+ImageContentType.m in Sources */,
				18211D861A7B72EF00625535 /* OLEGONormalHeaderView.m in Sources */,
				1831662A1A08BA7A0061CADA /* OLMainTopicListCell.m in Sources */,
				180D590A19E65EF30045A720 /* UIAlertView+AFNetworking.m in Sources */,
				18809DEB1A0B5B0200B66A59 /* MKAnnotationView+WebCache.m in Sources */,
				180D58A319E622680045A720 /* ViewController.m in Sources */,
				180D590619E65EF30045A720 /* AFURLResponseSerialization.m in Sources */,
				18809DF91A0B5B0200B66A59 /* UIImageView+WebCache.m in Sources */,
				184510271A8C95D800A8CDEB /* OLEGOLatestHeaderView.m in Sources */,
				18233F3919E69A6B00F9373C /* OLProtocolRequest.m in Sources */,
				187767C31A416805003F31B6 /* SWTableViewCell.m in Sources */,
				183166241A08B9E10061CADA /* OLMainTopicListViewController.m in Sources */,
				18809DF11A0B5B0200B66A59 /* SDWebImageDownloaderOperation.m in Sources */,
				180D590B19E65EF30045A720 /* UIButton+AFNetworking.m in Sources */,
				1831662E1A08C8D60061CADA /* OLTopicListDataModel.m in Sources */,
				180F7F331A1DB43C0039E222 /* NTConnectClient.m in Sources */,
				180F7F321A1DB43C0039E222 /* NTBasicRequest.m in Sources */,
				18809DEE1A0B5B0200B66A59 /* SDWebImageCompat.m in Sources */,
				18211D7F1A7B72EF00625535 /* OLEGOFooterAutoLoadControl.m in Sources */,
				180D590919E65EF30045A720 /* UIActivityIndicatorView+AFNetworking.m in Sources */,
				184510241A8C3DDC00A8CDEB /* OLEGOLoadTypeListTableView.m in Sources */,
				18809DF51A0B5B0200B66A59 /* UIImage+GIF.m in Sources */,
				18809DF81A0B5B0200B66A59 /* UIImageView+HighlightedWebCache.m in Sources */,
				180D590519E65EF30045A720 /* AFURLRequestSerialization.m in Sources */,
				18211D971A7B72EF00625535 /* OLEGOPageListTableView.m in Sources */,
				180F7F341A1DB43C0039E222 /* NTConnectSepcialClient.m in Sources */,
				18809DF61A0B5B0200B66A59 /* UIImage+MultiFormat.m in Sources */,
				180D590819E65EF30045A720 /* AFNetworkActivityIndicatorManager.m in Sources */,
				183445D719EE63F300F914AD /* OLConfigDataModel.m in Sources */,
				180D590319E65EF30045A720 /* AFSecurityPolicy.m in Sources */,
				18809DF21A0B5B0200B66A59 /* SDWebImageManager.m in Sources */,
				18809DEF1A0B5B0200B66A59 /* SDWebImageDecoder.m in Sources */,
				183445DA19EE645B00F914AD /* OLBasicDataModel.m in Sources */,
				180D58FF19E65EF30045A720 /* AFHTTPRequestOperation.m in Sources */,
				183166211A08B9AF0061CADA /* OLBasicViewController.m in Sources */,
				180D590719E65EF30045A720 /* AFURLSessionManager.m in Sources */,
				18211D7E1A7B72EF00625535 /* OLEGORefreshView.m in Sources */,
				1845102B1A8D90EE00A8CDEB /* SFHFKeychainUtils.m in Sources */,
				184510211A8B57AC00A8CDEB /* OLEGOFooterAndHeaderNoneControl.m in Sources */,
				180D58D719E62F040045A720 /* OLBasicRequest.m in Sources */,
				180F7F3D1A1DB4C50039E222 /* JSONKit.m in Sources */,
				18211D061A7882EB00625535 /* OLBasicListTableView.m in Sources */,
				18809DF01A0B5B0200B66A59 /* SDWebImageDownloader.m in Sources */,
				18809DFA1A0B5B0200B66A59 /* UIView+WebCacheOperation.m in Sources */,
				18130E0919E8FDA000526957 /* OLNameListTableView.m in Sources */,
				183166311A08C8F90061CADA /* OLTopicListRequest.m in Sources */,
				180D58A019E622680045A720 /* AppDelegate.m in Sources */,
				180D590119E65EF30045A720 /* AFHTTPSessionManager.m in Sources */,
				18211D831A7B72EF00625535 /* OLEGOPullTextFooterView.m in Sources */,
				18809DF31A0B5B0200B66A59 /* SDWebImagePrefetcher.m in Sources */,
				180D589D19E622680045A720 /* main.m in Sources */,
				180D590F19E65EF30045A720 /* UIWebView+AFNetworking.m in Sources */,
				180D590219E65EF30045A720 /* AFNetworkReachabilityManager.m in Sources */,
				180F7F491A1DD1130039E222 /* JSWebView.m in Sources */,
				180D590C19E65EF30045A720 /* UIImageView+AFNetworking.m in Sources */,
				18233F3619E699DC00F9373C /* OLConfigRequest.m in Sources */,
				18211D851A7B72EF00625535 /* OLEGOHeaderNormalControl.m in Sources */,
				180D590019E65EF30045A720 /* AFHTTPRequestOperationManager.m in Sources */,
				18211D9A1A7B860300625535 /* OLEGOTapTextFooterView.m in Sources */,
			);
			runOnlyForDeploymentPostprocessing = 0;
		};
		180D58AC19E622680045A720 /* Sources */ = {
			isa = PBXSourcesBuildPhase;
			buildActionMask = 2147483647;
			files = (
				180D58B719E622680045A720 /* WebConnectPrjTests.m in Sources */,
			);
			runOnlyForDeploymentPostprocessing = 0;
		};
/* End PBXSourcesBuildPhase section */

/* Begin PBXTargetDependency section */
		180D58B219E622680045A720 /* PBXTargetDependency */ = {
			isa = PBXTargetDependency;
			target = 180D589619E622680045A720 /* WebConnectPrj */;
			targetProxy = 180D58B119E622680045A720 /* PBXContainerItemProxy */;
		};
/* End PBXTargetDependency section */

/* Begin PBXVariantGroup section */
		180D58A419E622680045A720 /* Main.storyboard */ = {
			isa = PBXVariantGroup;
			children = (
				180D58A519E622680045A720 /* Base */,
			);
			name = Main.storyboard;
			sourceTree = "<group>";
		};
		180D58A919E622680045A720 /* LaunchScreen.xib */ = {
			isa = PBXVariantGroup;
			children = (
				180D58AA19E622680045A720 /* Base */,
			);
			name = LaunchScreen.xib;
			sourceTree = "<group>";
		};
/* End PBXVariantGroup section */

/* Begin XCBuildConfiguration section */
		180D58B819E622680045A720 /* Debug */ = {
			isa = XCBuildConfiguration;
			buildSettings = {
				ALWAYS_SEARCH_USER_PATHS = NO;
				CLANG_CXX_LANGUAGE_STANDARD = "gnu++0x";
				CLANG_CXX_LIBRARY = "libc++";
				CLANG_ENABLE_MODULES = YES;
				CLANG_ENABLE_OBJC_ARC = YES;
				CLANG_WARN_BOOL_CONVERSION = YES;
				CLANG_WARN_CONSTANT_CONVERSION = YES;
				CLANG_WARN_DIRECT_OBJC_ISA_USAGE = YES_ERROR;
				CLANG_WARN_EMPTY_BODY = YES;
				CLANG_WARN_ENUM_CONVERSION = YES;
				CLANG_WARN_INT_CONVERSION = YES;
				CLANG_WARN_OBJC_ROOT_CLASS = YES_ERROR;
				CLANG_WARN_UNREACHABLE_CODE = YES;
				CLANG_WARN__DUPLICATE_METHOD_MATCH = YES;
				"CODE_SIGN_IDENTITY[sdk=iphoneos*]" = "iPhone Developer";
				COPY_PHASE_STRIP = NO;
				ENABLE_STRICT_OBJC_MSGSEND = YES;
				GCC_C_LANGUAGE_STANDARD = gnu99;
				GCC_DYNAMIC_NO_PIC = NO;
				GCC_OPTIMIZATION_LEVEL = 0;
				GCC_PREPROCESSOR_DEFINITIONS = (
					"DEBUG=1",
					"$(inherited)",
				);
				GCC_SYMBOLS_PRIVATE_EXTERN = NO;
				GCC_WARN_64_TO_32_BIT_CONVERSION = YES;
				GCC_WARN_ABOUT_RETURN_TYPE = YES_ERROR;
				GCC_WARN_UNDECLARED_SELECTOR = YES;
				GCC_WARN_UNINITIALIZED_AUTOS = YES_AGGRESSIVE;
				GCC_WARN_UNUSED_FUNCTION = YES;
				GCC_WARN_UNUSED_VARIABLE = YES;
				IPHONEOS_DEPLOYMENT_TARGET = 8.0;
				MTL_ENABLE_DEBUG_INFO = YES;
				ONLY_ACTIVE_ARCH = YES;
				SDKROOT = iphoneos;
				TARGETED_DEVICE_FAMILY = "1,2";
			};
			name = Debug;
		};
		180D58B919E622680045A720 /* Release */ = {
			isa = XCBuildConfiguration;
			buildSettings = {
				ALWAYS_SEARCH_USER_PATHS = NO;
				CLANG_CXX_LANGUAGE_STANDARD = "gnu++0x";
				CLANG_CXX_LIBRARY = "libc++";
				CLANG_ENABLE_MODULES = YES;
				CLANG_ENABLE_OBJC_ARC = YES;
				CLANG_WARN_BOOL_CONVERSION = YES;
				CLANG_WARN_CONSTANT_CONVERSION = YES;
				CLANG_WARN_DIRECT_OBJC_ISA_USAGE = YES_ERROR;
				CLANG_WARN_EMPTY_BODY = YES;
				CLANG_WARN_ENUM_CONVERSION = YES;
				CLANG_WARN_INT_CONVERSION = YES;
				CLANG_WARN_OBJC_ROOT_CLASS = YES_ERROR;
				CLANG_WARN_UNREACHABLE_CODE = YES;
				CLANG_WARN__DUPLICATE_METHOD_MATCH = YES;
				"CODE_SIGN_IDENTITY[sdk=iphoneos*]" = "iPhone Developer";
				COPY_PHASE_STRIP = YES;
				ENABLE_NS_ASSERTIONS = NO;
				ENABLE_STRICT_OBJC_MSGSEND = YES;
				GCC_C_LANGUAGE_STANDARD = gnu99;
				GCC_WARN_64_TO_32_BIT_CONVERSION = YES;
				GCC_WARN_ABOUT_RETURN_TYPE = YES_ERROR;
				GCC_WARN_UNDECLARED_SELECTOR = YES;
				GCC_WARN_UNINITIALIZED_AUTOS = YES_AGGRESSIVE;
				GCC_WARN_UNUSED_FUNCTION = YES;
				GCC_WARN_UNUSED_VARIABLE = YES;
				IPHONEOS_DEPLOYMENT_TARGET = 8.0;
				MTL_ENABLE_DEBUG_INFO = NO;
				SDKROOT = iphoneos;
				TARGETED_DEVICE_FAMILY = "1,2";
				VALIDATE_PRODUCT = YES;
			};
			name = Release;
		};
		180D58BB19E622680045A720 /* Debug */ = {
			isa = XCBuildConfiguration;
			buildSettings = {
				ASSETCATALOG_COMPILER_APPICON_NAME = AppIcon;
				INFOPLIST_FILE = WebConnectPrj/Info.plist;
				IPHONEOS_DEPLOYMENT_TARGET = 6.0;
				LD_RUNPATH_SEARCH_PATHS = "$(inherited) @executable_path/Frameworks";
				PRODUCT_NAME = "$(TARGET_NAME)";
			};
			name = Debug;
		};
		180D58BC19E622680045A720 /* Release */ = {
			isa = XCBuildConfiguration;
			buildSettings = {
				ASSETCATALOG_COMPILER_APPICON_NAME = AppIcon;
				INFOPLIST_FILE = WebConnectPrj/Info.plist;
				IPHONEOS_DEPLOYMENT_TARGET = 6.0;
				LD_RUNPATH_SEARCH_PATHS = "$(inherited) @executable_path/Frameworks";
				PRODUCT_NAME = "$(TARGET_NAME)";
			};
			name = Release;
		};
		180D58BE19E622680045A720 /* Debug */ = {
			isa = XCBuildConfiguration;
			buildSettings = {
				BUNDLE_LOADER = "$(TEST_HOST)";
				FRAMEWORK_SEARCH_PATHS = (
					"$(SDKROOT)/Developer/Library/Frameworks",
					"$(inherited)",
				);
				GCC_PREPROCESSOR_DEFINITIONS = (
					"DEBUG=1",
					"$(inherited)",
				);
				INFOPLIST_FILE = WebConnectPrjTests/Info.plist;
				LD_RUNPATH_SEARCH_PATHS = "$(inherited) @executable_path/Frameworks @loader_path/Frameworks";
				PRODUCT_NAME = "$(TARGET_NAME)";
				TEST_HOST = "$(BUILT_PRODUCTS_DIR)/WebConnectPrj.app/WebConnectPrj";
			};
			name = Debug;
		};
		180D58BF19E622680045A720 /* Release */ = {
			isa = XCBuildConfiguration;
			buildSettings = {
				BUNDLE_LOADER = "$(TEST_HOST)";
				FRAMEWORK_SEARCH_PATHS = (
					"$(SDKROOT)/Developer/Library/Frameworks",
					"$(inherited)",
				);
				INFOPLIST_FILE = WebConnectPrjTests/Info.plist;
				LD_RUNPATH_SEARCH_PATHS = "$(inherited) @executable_path/Frameworks @loader_path/Frameworks";
				PRODUCT_NAME = "$(TARGET_NAME)";
				TEST_HOST = "$(BUILT_PRODUCTS_DIR)/WebConnectPrj.app/WebConnectPrj";
			};
			name = Release;
		};
/* End XCBuildConfiguration section */

/* Begin XCConfigurationList section */
		180D589219E622680045A720 /* Build configuration list for PBXProject "WebConnectPrj" */ = {
			isa = XCConfigurationList;
			buildConfigurations = (
				180D58B819E622680045A720 /* Debug */,
				180D58B919E622680045A720 /* Release */,
			);
			defaultConfigurationIsVisible = 0;
			defaultConfigurationName = Release;
		};
		180D58BA19E622680045A720 /* Build configuration list for PBXNativeTarget "WebConnectPrj" */ = {
			isa = XCConfigurationList;
			buildConfigurations = (
				180D58BB19E622680045A720 /* Debug */,
				180D58BC19E622680045A720 /* Release */,
			);
			defaultConfigurationIsVisible = 0;
			defaultConfigurationName = Release;
		};
		180D58BD19E622680045A720 /* Build configuration list for PBXNativeTarget "WebConnectPrjTests" */ = {
			isa = XCConfigurationList;
			buildConfigurations = (
				180D58BE19E622680045A720 /* Debug */,
				180D58BF19E622680045A720 /* Release */,
			);
			defaultConfigurationIsVisible = 0;
			defaultConfigurationName = Release;
		};
/* End XCConfigurationList section */
	};
	rootObject = 180D588F19E622680045A720 /* Project object */;
}
